// !$*UTF8*$!
{
	archiveVersion = 1;
	classes = {
	};
	objectVersion = 46;
	objects = {

/* Begin PBXBuildFile section */
		3C06B10E1C1082AF00505F68 /* SegueingInfo.framework in Frameworks */ = {isa = PBXBuildFile; fileRef = 3C06B1041C1082AF00505F68 /* SegueingInfo.framework */; };
		3C06B1381C10A2EE00505F68 /* AppDelegate.swift in Sources */ = {isa = PBXBuildFile; fileRef = 3C06B1371C10A2EE00505F68 /* AppDelegate.swift */; };
		3C06B13A1C10A2EE00505F68 /* StaticCallViewController.swift in Sources */ = {isa = PBXBuildFile; fileRef = 3C06B1391C10A2EE00505F68 /* StaticCallViewController.swift */; };
		3C06B13D1C10A2EE00505F68 /* Main.storyboard in Resources */ = {isa = PBXBuildFile; fileRef = 3C06B13B1C10A2EE00505F68 /* Main.storyboard */; };
		3C06B13F1C10A2EE00505F68 /* Assets.xcassets in Resources */ = {isa = PBXBuildFile; fileRef = 3C06B13E1C10A2EE00505F68 /* Assets.xcassets */; };
		3C06B1421C10A2EE00505F68 /* LaunchScreen.storyboard in Resources */ = {isa = PBXBuildFile; fileRef = 3C06B1401C10A2EE00505F68 /* LaunchScreen.storyboard */; };
		3C06B1481C10A8B200505F68 /* DestinationViewController.swift in Sources */ = {isa = PBXBuildFile; fileRef = 3C06B1471C10A8B200505F68 /* DestinationViewController.swift */; };
		3C06B14C1C10ADBA00505F68 /* UINavigationController+SegueingInfo.swift in Sources */ = {isa = PBXBuildFile; fileRef = 3C06B1491C10A95300505F68 /* UINavigationController+SegueingInfo.swift */; };
		3C06B15C1C10B40A00505F68 /* SegueingInfoiOSUITests.swift in Sources */ = {isa = PBXBuildFile; fileRef = 3C06B15B1C10B40A00505F68 /* SegueingInfoiOSUITests.swift */; };
		3C06B15E1C10B55500505F68 /* Utility.swift in Sources */ = {isa = PBXBuildFile; fileRef = 3C06B15D1C10B55500505F68 /* Utility.swift */; };
		3C06B1631C10B8F600505F68 /* SegueingInfo.framework in Frameworks */ = {isa = PBXBuildFile; fileRef = 3C4C32941C0D573800FF039E /* SegueingInfo.framework */; };
		3C06B1651C10B95500505F68 /* SegueingInfo.framework in Embed Frameworks */ = {isa = PBXBuildFile; fileRef = 3C4C32941C0D573800FF039E /* SegueingInfo.framework */; settings = {ATTRIBUTES = (CodeSignOnCopy, RemoveHeadersOnCopy, ); }; };
		3C06B1681C10B9A800505F68 /* InstanceCallViewController.swift in Sources */ = {isa = PBXBuildFile; fileRef = 3C06B1671C10B9A800505F68 /* InstanceCallViewController.swift */; };
		3C06B16A1C10BA2400505F68 /* InheritedFromSegueingInfoViewController.swift in Sources */ = {isa = PBXBuildFile; fileRef = 3C06B1691C10BA2400505F68 /* InheritedFromSegueingInfoViewController.swift */; };
		3C06B16C1C10BAA100505F68 /* PassBaseViewController.swift in Sources */ = {isa = PBXBuildFile; fileRef = 3C06B16B1C10BAA100505F68 /* PassBaseViewController.swift */; };
		3C06B16F1C10BEEA00505F68 /* StaticCall.storyboard in Resources */ = {isa = PBXBuildFile; fileRef = 3C06B16D1C10BEEA00505F68 /* StaticCall.storyboard */; };
		3C06B1711C10C1C400505F68 /* InstanceCall.storyboard in Resources */ = {isa = PBXBuildFile; fileRef = 3C06B1701C10C1C400505F68 /* InstanceCall.storyboard */; };
		3C06B1741C10C32600505F68 /* InheritedFromSegueingInfo.storyboard in Resources */ = {isa = PBXBuildFile; fileRef = 3C06B1721C10C32600505F68 /* InheritedFromSegueingInfo.storyboard */; };
		3C06B1791C10C49100505F68 /* DestinationIsNav.storyboard in Resources */ = {isa = PBXBuildFile; fileRef = 3C06B1751C10C49100505F68 /* DestinationIsNav.storyboard */; };
		3C06B17A1C10C49100505F68 /* DestinationIsTab.storyboard in Resources */ = {isa = PBXBuildFile; fileRef = 3C06B1771C10C49100505F68 /* DestinationIsTab.storyboard */; };
		3C06B17C1C10C97E00505F68 /* FirstNavContainedViewController.swift in Sources */ = {isa = PBXBuildFile; fileRef = 3C06B17B1C10C97E00505F68 /* FirstNavContainedViewController.swift */; };
		3C06B17E1C10D2DD00505F68 /* SecondNavContainedViewController.swift in Sources */ = {isa = PBXBuildFile; fileRef = 3C06B17D1C10D2DD00505F68 /* SecondNavContainedViewController.swift */; };
		3C06B1811C10F97C00505F68 /* Pop.storyboard in Resources */ = {isa = PBXBuildFile; fileRef = 3C06B17F1C10F97C00505F68 /* Pop.storyboard */; };
		3C06B1831C10F9C100505F68 /* PopTo.storyboard in Resources */ = {isa = PBXBuildFile; fileRef = 3C06B1821C10F9C100505F68 /* PopTo.storyboard */; };
		3C06B1861C10F9D100505F68 /* PopToRoot.storyboard in Resources */ = {isa = PBXBuildFile; fileRef = 3C06B1841C10F9D100505F68 /* PopToRoot.storyboard */; };
		3C06B1871C10FBE900505F68 /* SegueingInfo.swift in Sources */ = {isa = PBXBuildFile; fileRef = 3C4C32AB1C0D57B800FF039E /* SegueingInfo.swift */; };
		3C4C32971C0D573800FF039E /* SegueingInfo.h in Headers */ = {isa = PBXBuildFile; fileRef = 3C4C32961C0D573800FF039E /* SegueingInfo.h */; settings = {ATTRIBUTES = (Public, ); }; };
		3C4C329E1C0D573800FF039E /* SegueingInfo.framework in Frameworks */ = {isa = PBXBuildFile; fileRef = 3C4C32941C0D573800FF039E /* SegueingInfo.framework */; };
		3C4C32A31C0D573800FF039E /* SegueingInfoTests.swift in Sources */ = {isa = PBXBuildFile; fileRef = 3C4C32A21C0D573800FF039E /* SegueingInfoTests.swift */; };
		3C4C32AC1C0D57B800FF039E /* SegueingInfo.swift in Sources */ = {isa = PBXBuildFile; fileRef = 3C4C32AB1C0D57B800FF039E /* SegueingInfo.swift */; };
/* End PBXBuildFile section */

/* Begin PBXContainerItemProxy section */
		3C06B10F1C1082AF00505F68 /* PBXContainerItemProxy */ = {
			isa = PBXContainerItemProxy;
			containerPortal = 3C7A0BEE19A14BE70001BE79 /* Project object */;
			proxyType = 1;
			remoteGlobalIDString = 3C06B1031C1082AF00505F68;
			remoteInfo = SegueingInfoOSX;
		};
		3C06B1561C10B3DE00505F68 /* PBXContainerItemProxy */ = {
			isa = PBXContainerItemProxy;
			containerPortal = 3C7A0BEE19A14BE70001BE79 /* Project object */;
			proxyType = 1;
			remoteGlobalIDString = 3C06B1341C10A2EE00505F68;
			remoteInfo = SegueingInfoExamples;
		};
		3C06B1611C10B89700505F68 /* PBXContainerItemProxy */ = {
			isa = PBXContainerItemProxy;
			containerPortal = 3C7A0BEE19A14BE70001BE79 /* Project object */;
			proxyType = 1;
			remoteGlobalIDString = 3C4C32931C0D573800FF039E;
			remoteInfo = SegueingInfoiOS;
		};
		3C4C329F1C0D573800FF039E /* PBXContainerItemProxy */ = {
			isa = PBXContainerItemProxy;
			containerPortal = 3C7A0BEE19A14BE70001BE79 /* Project object */;
			proxyType = 1;
			remoteGlobalIDString = 3C4C32931C0D573800FF039E;
			remoteInfo = SegueingInfo;
		};
/* End PBXContainerItemProxy section */

/* Begin PBXCopyFilesBuildPhase section */
		3C06B1661C10B95500505F68 /* Embed Frameworks */ = {
			isa = PBXCopyFilesBuildPhase;
			buildActionMask = 2147483647;
			dstPath = "";
			dstSubfolderSpec = 10;
			files = (
				3C06B1651C10B95500505F68 /* SegueingInfo.framework in Embed Frameworks */,
			);
			name = "Embed Frameworks";
			runOnlyForDeploymentPostprocessing = 0;
		};
/* End PBXCopyFilesBuildPhase section */

/* Begin PBXFileReference section */
		3C06B1041C1082AF00505F68 /* SegueingInfo.framework */ = {isa = PBXFileReference; explicitFileType = wrapper.framework; includeInIndex = 0; path = SegueingInfo.framework; sourceTree = BUILT_PRODUCTS_DIR; };
		3C06B10D1C1082AF00505F68 /* SegueingInfoOSXTests.xctest */ = {isa = PBXFileReference; explicitFileType = wrapper.cfbundle; includeInIndex = 0; path = SegueingInfoOSXTests.xctest; sourceTree = BUILT_PRODUCTS_DIR; };
		3C06B1351C10A2EE00505F68 /* SegueingInfoiOSExamples.app */ = {isa = PBXFileReference; explicitFileType = wrapper.application; includeInIndex = 0; path = SegueingInfoiOSExamples.app; sourceTree = BUILT_PRODUCTS_DIR; };
		3C06B1371C10A2EE00505F68 /* AppDelegate.swift */ = {isa = PBXFileReference; lastKnownFileType = sourcecode.swift; path = AppDelegate.swift; sourceTree = "<group>"; };
		3C06B1391C10A2EE00505F68 /* StaticCallViewController.swift */ = {isa = PBXFileReference; lastKnownFileType = sourcecode.swift; lineEnding = 0; path = StaticCallViewController.swift; sourceTree = "<group>"; xcLanguageSpecificationIdentifier = xcode.lang.swift; };
		3C06B13C1C10A2EE00505F68 /* Base */ = {isa = PBXFileReference; lastKnownFileType = file.storyboard; name = Base; path = Base.lproj/Main.storyboard; sourceTree = "<group>"; };
		3C06B13E1C10A2EE00505F68 /* Assets.xcassets */ = {isa = PBXFileReference; lastKnownFileType = folder.assetcatalog; path = Assets.xcassets; sourceTree = "<group>"; };
		3C06B1411C10A2EE00505F68 /* Base */ = {isa = PBXFileReference; lastKnownFileType = file.storyboard; name = Base; path = Base.lproj/LaunchScreen.storyboard; sourceTree = "<group>"; };
		3C06B1431C10A2EE00505F68 /* Info.plist */ = {isa = PBXFileReference; lastKnownFileType = text.plist.xml; path = Info.plist; sourceTree = "<group>"; };
		3C06B1471C10A8B200505F68 /* DestinationViewController.swift */ = {isa = PBXFileReference; fileEncoding = 4; lastKnownFileType = sourcecode.swift; lineEnding = 0; path = DestinationViewController.swift; sourceTree = "<group>"; xcLanguageSpecificationIdentifier = xcode.lang.swift; };
		3C06B1491C10A95300505F68 /* UINavigationController+SegueingInfo.swift */ = {isa = PBXFileReference; fileEncoding = 4; lastKnownFileType = sourcecode.swift; lineEnding = 0; path = "UINavigationController+SegueingInfo.swift"; sourceTree = "<group>"; xcLanguageSpecificationIdentifier = xcode.lang.swift; };
		3C06B1511C10B3DE00505F68 /* SegueingInfoiOSUITests.xctest */ = {isa = PBXFileReference; explicitFileType = wrapper.cfbundle; includeInIndex = 0; path = SegueingInfoiOSUITests.xctest; sourceTree = BUILT_PRODUCTS_DIR; };
		3C06B15B1C10B40A00505F68 /* SegueingInfoiOSUITests.swift */ = {isa = PBXFileReference; fileEncoding = 4; lastKnownFileType = sourcecode.swift; path = SegueingInfoiOSUITests.swift; sourceTree = "<group>"; };
		3C06B15D1C10B55500505F68 /* Utility.swift */ = {isa = PBXFileReference; fileEncoding = 4; lastKnownFileType = sourcecode.swift; path = Utility.swift; sourceTree = "<group>"; };
		3C06B1671C10B9A800505F68 /* InstanceCallViewController.swift */ = {isa = PBXFileReference; fileEncoding = 4; lastKnownFileType = sourcecode.swift; path = InstanceCallViewController.swift; sourceTree = "<group>"; };
		3C06B1691C10BA2400505F68 /* InheritedFromSegueingInfoViewController.swift */ = {isa = PBXFileReference; fileEncoding = 4; lastKnownFileType = sourcecode.swift; path = InheritedFromSegueingInfoViewController.swift; sourceTree = "<group>"; };
		3C06B16B1C10BAA100505F68 /* PassBaseViewController.swift */ = {isa = PBXFileReference; fileEncoding = 4; lastKnownFileType = sourcecode.swift; path = PassBaseViewController.swift; sourceTree = "<group>"; };
		3C06B16E1C10BEEA00505F68 /* Base */ = {isa = PBXFileReference; lastKnownFileType = file.storyboard; name = Base; path = Base.lproj/StaticCall.storyboard; sourceTree = "<group>"; };
		3C06B1701C10C1C400505F68 /* InstanceCall.storyboard */ = {isa = PBXFileReference; fileEncoding = 4; lastKnownFileType = file.storyboard; name = InstanceCall.storyboard; path = Base.lproj/InstanceCall.storyboard; sourceTree = "<group>"; };
		3C06B1731C10C32600505F68 /* Base */ = {isa = PBXFileReference; lastKnownFileType = file.storyboard; name = Base; path = Base.lproj/InheritedFromSegueingInfo.storyboard; sourceTree = "<group>"; };
		3C06B1761C10C49100505F68 /* Base */ = {isa = PBXFileReference; lastKnownFileType = file.storyboard; name = Base; path = Base.lproj/DestinationIsNav.storyboard; sourceTree = "<group>"; };
		3C06B1781C10C49100505F68 /* Base */ = {isa = PBXFileReference; lastKnownFileType = file.storyboard; name = Base; path = Base.lproj/DestinationIsTab.storyboard; sourceTree = "<group>"; };
		3C06B17B1C10C97E00505F68 /* FirstNavContainedViewController.swift */ = {isa = PBXFileReference; fileEncoding = 4; lastKnownFileType = sourcecode.swift; path = FirstNavContainedViewController.swift; sourceTree = "<group>"; };
		3C06B17D1C10D2DD00505F68 /* SecondNavContainedViewController.swift */ = {isa = PBXFileReference; fileEncoding = 4; lastKnownFileType = sourcecode.swift; path = SecondNavContainedViewController.swift; sourceTree = "<group>"; };
		3C06B1801C10F97C00505F68 /* Base */ = {isa = PBXFileReference; lastKnownFileType = file.storyboard; name = Base; path = Base.lproj/Pop.storyboard; sourceTree = "<group>"; };
		3C06B1821C10F9C100505F68 /* PopTo.storyboard */ = {isa = PBXFileReference; fileEncoding = 4; lastKnownFileType = file.storyboard; path = PopTo.storyboard; sourceTree = "<group>"; };
		3C06B1851C10F9D100505F68 /* Base */ = {isa = PBXFileReference; lastKnownFileType = file.storyboard; name = Base; path = Base.lproj/PopToRoot.storyboard; sourceTree = "<group>"; };
		3C245C921B208033006E673B /* .gitignore */ = {isa = PBXFileReference; lastKnownFileType = text; path = .gitignore; sourceTree = "<group>"; };
		3C245C931B208033006E673B /* .travis.yml */ = {isa = PBXFileReference; lastKnownFileType = text; lineEnding = 0; path = .travis.yml; sourceTree = "<group>"; xcLanguageSpecificationIdentifier = "<none>"; };
		3C245C941B208033006E673B /* Gemfile */ = {isa = PBXFileReference; lastKnownFileType = text; path = Gemfile; sourceTree = "<group>"; };
		3C4C32941C0D573800FF039E /* SegueingInfo.framework */ = {isa = PBXFileReference; explicitFileType = wrapper.framework; includeInIndex = 0; path = SegueingInfo.framework; sourceTree = BUILT_PRODUCTS_DIR; };
		3C4C32961C0D573800FF039E /* SegueingInfo.h */ = {isa = PBXFileReference; lastKnownFileType = sourcecode.c.h; lineEnding = 0; path = SegueingInfo.h; sourceTree = "<group>"; xcLanguageSpecificationIdentifier = xcode.lang.objcpp; };
		3C4C32981C0D573800FF039E /* Info.plist */ = {isa = PBXFileReference; lastKnownFileType = text.plist.xml; path = Info.plist; sourceTree = "<group>"; };
		3C4C329D1C0D573800FF039E /* SegueingInfoiOSTests.xctest */ = {isa = PBXFileReference; explicitFileType = wrapper.cfbundle; includeInIndex = 0; path = SegueingInfoiOSTests.xctest; sourceTree = BUILT_PRODUCTS_DIR; };
		3C4C32A21C0D573800FF039E /* SegueingInfoTests.swift */ = {isa = PBXFileReference; lastKnownFileType = sourcecode.swift; path = SegueingInfoTests.swift; sourceTree = "<group>"; };
		3C4C32A41C0D573800FF039E /* Info.plist */ = {isa = PBXFileReference; lastKnownFileType = text.plist.xml; path = Info.plist; sourceTree = "<group>"; };
		3C4C32AB1C0D57B800FF039E /* SegueingInfo.swift */ = {isa = PBXFileReference; fileEncoding = 4; lastKnownFileType = sourcecode.swift; lineEnding = 0; path = SegueingInfo.swift; sourceTree = "<group>"; };
		3C7A0C3819A15C2C0001BE79 /* SegueingInfo.podspec */ = {isa = PBXFileReference; fileEncoding = 4; lastKnownFileType = text; lineEnding = 0; path = SegueingInfo.podspec; sourceTree = "<group>"; xcLanguageSpecificationIdentifier = "<none>"; };
		3C7A0C3919A15C590001BE79 /* LICENSE.md */ = {isa = PBXFileReference; fileEncoding = 4; lastKnownFileType = net.daringfireball.markdown; path = LICENSE.md; sourceTree = "<group>"; };
		3C7A0C3B19A163F50001BE79 /* README.md */ = {isa = PBXFileReference; fileEncoding = 4; lastKnownFileType = net.daringfireball.markdown; lineEnding = 0; path = README.md; sourceTree = "<group>"; xcLanguageSpecificationIdentifier = xcode.lang.markdown; };
		3CB2C7891C2B350100BBC529 /* Package.swift */ = {isa = PBXFileReference; fileEncoding = 4; lastKnownFileType = sourcecode.swift; path = Package.swift; sourceTree = "<group>"; };
/* End PBXFileReference section */

/* Begin PBXFrameworksBuildPhase section */
		3C06B1001C1082AF00505F68 /* Frameworks */ = {
			isa = PBXFrameworksBuildPhase;
			buildActionMask = 2147483647;
			files = (
			);
			runOnlyForDeploymentPostprocessing = 0;
		};
		3C06B10A1C1082AF00505F68 /* Frameworks */ = {
			isa = PBXFrameworksBuildPhase;
			buildActionMask = 2147483647;
			files = (
				3C06B10E1C1082AF00505F68 /* SegueingInfo.framework in Frameworks */,
			);
			runOnlyForDeploymentPostprocessing = 0;
		};
		3C06B1321C10A2EE00505F68 /* Frameworks */ = {
			isa = PBXFrameworksBuildPhase;
			buildActionMask = 2147483647;
			files = (
				3C06B1631C10B8F600505F68 /* SegueingInfo.framework in Frameworks */,
			);
			runOnlyForDeploymentPostprocessing = 0;
		};
		3C06B14E1C10B3DE00505F68 /* Frameworks */ = {
			isa = PBXFrameworksBuildPhase;
			buildActionMask = 2147483647;
			files = (
			);
			runOnlyForDeploymentPostprocessing = 0;
		};
		3C4C32901C0D573800FF039E /* Frameworks */ = {
			isa = PBXFrameworksBuildPhase;
			buildActionMask = 2147483647;
			files = (
			);
			runOnlyForDeploymentPostprocessing = 0;
		};
		3C4C329A1C0D573800FF039E /* Frameworks */ = {
			isa = PBXFrameworksBuildPhase;
			buildActionMask = 2147483647;
			files = (
				3C4C329E1C0D573800FF039E /* SegueingInfo.framework in Frameworks */,
			);
			runOnlyForDeploymentPostprocessing = 0;
		};
/* End PBXFrameworksBuildPhase section */

/* Begin PBXGroup section */
		3C06B1361C10A2EE00505F68 /* Examples */ = {
			isa = PBXGroup;
			children = (
				3C06B1371C10A2EE00505F68 /* AppDelegate.swift */,
				3C06B13B1C10A2EE00505F68 /* Main.storyboard */,
				3C06B16B1C10BAA100505F68 /* PassBaseViewController.swift */,
				3C06B1391C10A2EE00505F68 /* StaticCallViewController.swift */,
				3C06B16D1C10BEEA00505F68 /* StaticCall.storyboard */,
				3C06B1671C10B9A800505F68 /* InstanceCallViewController.swift */,
				3C06B1701C10C1C400505F68 /* InstanceCall.storyboard */,
				3C06B1691C10BA2400505F68 /* InheritedFromSegueingInfoViewController.swift */,
				3C06B1721C10C32600505F68 /* InheritedFromSegueingInfo.storyboard */,
				3C06B1471C10A8B200505F68 /* DestinationViewController.swift */,
				3C06B1751C10C49100505F68 /* DestinationIsNav.storyboard */,
				3C06B1771C10C49100505F68 /* DestinationIsTab.storyboard */,
				3C06B17B1C10C97E00505F68 /* FirstNavContainedViewController.swift */,
				3C06B17D1C10D2DD00505F68 /* SecondNavContainedViewController.swift */,
				3C06B17F1C10F97C00505F68 /* Pop.storyboard */,
				3C06B1821C10F9C100505F68 /* PopTo.storyboard */,
				3C06B1841C10F9D100505F68 /* PopToRoot.storyboard */,
				3C06B13E1C10A2EE00505F68 /* Assets.xcassets */,
				3C06B1401C10A2EE00505F68 /* LaunchScreen.storyboard */,
				3C06B1431C10A2EE00505F68 /* Info.plist */,
			);
			path = Examples;
			sourceTree = "<group>";
		};
		3C245C911B208010006E673B /* Supporting Files */ = {
			isa = PBXGroup;
			children = (
				3CB2C7891C2B350100BBC529 /* Package.swift */,
				3C7A0C3B19A163F50001BE79 /* README.md */,
				3C7A0C3919A15C590001BE79 /* LICENSE.md */,
				3C7A0C3819A15C2C0001BE79 /* SegueingInfo.podspec */,
				3C245C921B208033006E673B /* .gitignore */,
				3C245C931B208033006E673B /* .travis.yml */,
				3C245C941B208033006E673B /* Gemfile */,
			);
			name = "Supporting Files";
			sourceTree = "<group>";
		};
		3C4C32951C0D573800FF039E /* Sources */ = {
			isa = PBXGroup;
			children = (
				3C4C32961C0D573800FF039E /* SegueingInfo.h */,
				3C4C32981C0D573800FF039E /* Info.plist */,
				3C4C32AB1C0D57B800FF039E /* SegueingInfo.swift */,
				3C06B1491C10A95300505F68 /* UINavigationController+SegueingInfo.swift */,
			);
			path = Sources;
			sourceTree = "<group>";
		};
		3C4C32A11C0D573800FF039E /* Tests */ = {
			isa = PBXGroup;
			children = (
				3C4C32A21C0D573800FF039E /* SegueingInfoTests.swift */,
				3C06B15B1C10B40A00505F68 /* SegueingInfoiOSUITests.swift */,
				3C06B15D1C10B55500505F68 /* Utility.swift */,
				3C4C32A41C0D573800FF039E /* Info.plist */,
			);
			path = Tests;
			sourceTree = "<group>";
		};
		3C7A0BED19A14BE70001BE79 = {
			isa = PBXGroup;
			children = (
				3C4C32951C0D573800FF039E /* Sources */,
				3C4C32A11C0D573800FF039E /* Tests */,
				3C06B1361C10A2EE00505F68 /* Examples */,
				3C7A0BF719A14BE70001BE79 /* Products */,
				3C245C911B208010006E673B /* Supporting Files */,
			);
			sourceTree = "<group>";
		};
		3C7A0BF719A14BE70001BE79 /* Products */ = {
			isa = PBXGroup;
			children = (
				3C4C32941C0D573800FF039E /* SegueingInfo.framework */,
				3C4C329D1C0D573800FF039E /* SegueingInfoiOSTests.xctest */,
				3C06B1041C1082AF00505F68 /* SegueingInfo.framework */,
				3C06B10D1C1082AF00505F68 /* SegueingInfoOSXTests.xctest */,
				3C06B1351C10A2EE00505F68 /* SegueingInfoiOSExamples.app */,
				3C06B1511C10B3DE00505F68 /* SegueingInfoiOSUITests.xctest */,
			);
			name = Products;
			sourceTree = "<group>";
		};
/* End PBXGroup section */

/* Begin PBXHeadersBuildPhase section */
		3C06B1011C1082AF00505F68 /* Headers */ = {
			isa = PBXHeadersBuildPhase;
			buildActionMask = 2147483647;
			files = (
			);
			runOnlyForDeploymentPostprocessing = 0;
		};
		3C4C32911C0D573800FF039E /* Headers */ = {
			isa = PBXHeadersBuildPhase;
			buildActionMask = 2147483647;
			files = (
				3C4C32971C0D573800FF039E /* SegueingInfo.h in Headers */,
			);
			runOnlyForDeploymentPostprocessing = 0;
		};
/* End PBXHeadersBuildPhase section */

/* Begin PBXNativeTarget section */
		3C06B1031C1082AF00505F68 /* SegueingInfoOSX */ = {
			isa = PBXNativeTarget;
			buildConfigurationList = 3C06B1151C1082AF00505F68 /* Build configuration list for PBXNativeTarget "SegueingInfoOSX" */;
			buildPhases = (
				3C06B0FF1C1082AF00505F68 /* Sources */,
				3C06B1001C1082AF00505F68 /* Frameworks */,
				3C06B1011C1082AF00505F68 /* Headers */,
				3C06B1021C1082AF00505F68 /* Resources */,
			);
			buildRules = (
			);
			dependencies = (
			);
			name = SegueingInfoOSX;
			productName = SegueingInfoOSX;
			productReference = 3C06B1041C1082AF00505F68 /* SegueingInfo.framework */;
			productType = "com.apple.product-type.framework";
		};
		3C06B10C1C1082AF00505F68 /* SegueingInfoOSXTests */ = {
			isa = PBXNativeTarget;
			buildConfigurationList = 3C06B1181C1082AF00505F68 /* Build configuration list for PBXNativeTarget "SegueingInfoOSXTests" */;
			buildPhases = (
				3C06B1091C1082AF00505F68 /* Sources */,
				3C06B10A1C1082AF00505F68 /* Frameworks */,
				3C06B10B1C1082AF00505F68 /* Resources */,
			);
			buildRules = (
			);
			dependencies = (
				3C06B1101C1082AF00505F68 /* PBXTargetDependency */,
			);
			name = SegueingInfoOSXTests;
			productName = SegueingInfoOSXTests;
			productReference = 3C06B10D1C1082AF00505F68 /* SegueingInfoOSXTests.xctest */;
			productType = "com.apple.product-type.bundle.unit-test";
		};
		3C06B1341C10A2EE00505F68 /* SegueingInfoiOSExamples */ = {
			isa = PBXNativeTarget;
			buildConfigurationList = 3C06B1441C10A2EE00505F68 /* Build configuration list for PBXNativeTarget "SegueingInfoiOSExamples" */;
			buildPhases = (
				3C06B1311C10A2EE00505F68 /* Sources */,
				3C06B1321C10A2EE00505F68 /* Frameworks */,
				3C06B1331C10A2EE00505F68 /* Resources */,
				3C06B1661C10B95500505F68 /* Embed Frameworks */,
			);
			buildRules = (
			);
			dependencies = (
				3C06B1621C10B89700505F68 /* PBXTargetDependency */,
			);
			name = SegueingInfoiOSExamples;
			productName = SegueingInfoExamples;
			productReference = 3C06B1351C10A2EE00505F68 /* SegueingInfoiOSExamples.app */;
			productType = "com.apple.product-type.application";
		};
		3C06B1501C10B3DE00505F68 /* SegueingInfoiOSUITests */ = {
			isa = PBXNativeTarget;
			buildConfigurationList = 3C06B1581C10B3DE00505F68 /* Build configuration list for PBXNativeTarget "SegueingInfoiOSUITests" */;
			buildPhases = (
				3C06B14D1C10B3DE00505F68 /* Sources */,
				3C06B14E1C10B3DE00505F68 /* Frameworks */,
				3C06B14F1C10B3DE00505F68 /* Resources */,
			);
			buildRules = (
			);
			dependencies = (
				3C06B1571C10B3DE00505F68 /* PBXTargetDependency */,
			);
			name = SegueingInfoiOSUITests;
			productName = SegueingInfoiOSUITests;
			productReference = 3C06B1511C10B3DE00505F68 /* SegueingInfoiOSUITests.xctest */;
			productType = "com.apple.product-type.bundle.ui-testing";
		};
		3C4C32931C0D573800FF039E /* SegueingInfoiOS */ = {
			isa = PBXNativeTarget;
			buildConfigurationList = 3C4C32A51C0D573800FF039E /* Build configuration list for PBXNativeTarget "SegueingInfoiOS" */;
			buildPhases = (
				3C4C328F1C0D573800FF039E /* Sources */,
				3C4C32901C0D573800FF039E /* Frameworks */,
				3C4C32911C0D573800FF039E /* Headers */,
				3C4C32921C0D573800FF039E /* Resources */,
			);
			buildRules = (
			);
			dependencies = (
			);
			name = SegueingInfoiOS;
			productName = SegueingInfo;
			productReference = 3C4C32941C0D573800FF039E /* SegueingInfo.framework */;
			productType = "com.apple.product-type.framework";
		};
		3C4C329C1C0D573800FF039E /* SegueingInfoiOSTests */ = {
			isa = PBXNativeTarget;
			buildConfigurationList = 3C4C32A81C0D573800FF039E /* Build configuration list for PBXNativeTarget "SegueingInfoiOSTests" */;
			buildPhases = (
				3C4C32991C0D573800FF039E /* Sources */,
				3C4C329A1C0D573800FF039E /* Frameworks */,
				3C4C329B1C0D573800FF039E /* Resources */,
			);
			buildRules = (
			);
			dependencies = (
				3C4C32A01C0D573800FF039E /* PBXTargetDependency */,
			);
			name = SegueingInfoiOSTests;
			productName = SegueingInfoTests;
			productReference = 3C4C329D1C0D573800FF039E /* SegueingInfoiOSTests.xctest */;
			productType = "com.apple.product-type.bundle.unit-test";
		};
/* End PBXNativeTarget section */

/* Begin PBXProject section */
		3C7A0BEE19A14BE70001BE79 /* Project object */ = {
			isa = PBXProject;
			attributes = {
				LastSwiftUpdateCheck = 0710;
				LastUpgradeCheck = 0800;
				ORGANIZATIONNAME = Adorkable;
				TargetAttributes = {
					3C06B1031C1082AF00505F68 = {
						CreatedOnToolsVersion = 7.1.1;
					};
					3C06B10C1C1082AF00505F68 = {
						CreatedOnToolsVersion = 7.1.1;
					};
					3C06B1341C10A2EE00505F68 = {
						CreatedOnToolsVersion = 7.1.1;
						LastSwiftMigration = 0830;
					};
					3C06B1501C10B3DE00505F68 = {
						CreatedOnToolsVersion = 7.1.1;
						LastSwiftMigration = 0830;
						TestTargetID = 3C06B1341C10A2EE00505F68;
					};
					3C4C32931C0D573800FF039E = {
						CreatedOnToolsVersion = 7.1.1;
						LastSwiftMigration = 0830;
					};
					3C4C329C1C0D573800FF039E = {
						CreatedOnToolsVersion = 7.1.1;
					};
				};
			};
			buildConfigurationList = 3C7A0BF119A14BE70001BE79 /* Build configuration list for PBXProject "SegueingInfo" */;
			compatibilityVersion = "Xcode 3.2";
			developmentRegion = English;
			hasScannedForEncodings = 0;
			knownRegions = (
				en,
				Base,
			);
			mainGroup = 3C7A0BED19A14BE70001BE79;
			productRefGroup = 3C7A0BF719A14BE70001BE79 /* Products */;
			projectDirPath = "";
			projectRoot = "";
			targets = (
				3C4C32931C0D573800FF039E /* SegueingInfoiOS */,
				3C4C329C1C0D573800FF039E /* SegueingInfoiOSTests */,
				3C06B1341C10A2EE00505F68 /* SegueingInfoiOSExamples */,
				3C06B1501C10B3DE00505F68 /* SegueingInfoiOSUITests */,
				3C06B1031C1082AF00505F68 /* SegueingInfoOSX */,
				3C06B10C1C1082AF00505F68 /* SegueingInfoOSXTests */,
			);
		};
/* End PBXProject section */

/* Begin PBXResourcesBuildPhase section */
		3C06B1021C1082AF00505F68 /* Resources */ = {
			isa = PBXResourcesBuildPhase;
			buildActionMask = 2147483647;
			files = (
			);
			runOnlyForDeploymentPostprocessing = 0;
		};
		3C06B10B1C1082AF00505F68 /* Resources */ = {
			isa = PBXResourcesBuildPhase;
			buildActionMask = 2147483647;
			files = (
			);
			runOnlyForDeploymentPostprocessing = 0;
		};
		3C06B1331C10A2EE00505F68 /* Resources */ = {
			isa = PBXResourcesBuildPhase;
			buildActionMask = 2147483647;
			files = (
				3C06B1861C10F9D100505F68 /* PopToRoot.storyboard in Resources */,
				3C06B16F1C10BEEA00505F68 /* StaticCall.storyboard in Resources */,
				3C06B1421C10A2EE00505F68 /* LaunchScreen.storyboard in Resources */,
				3C06B1741C10C32600505F68 /* InheritedFromSegueingInfo.storyboard in Resources */,
				3C06B1711C10C1C400505F68 /* InstanceCall.storyboard in Resources */,
				3C06B13F1C10A2EE00505F68 /* Assets.xcassets in Resources */,
				3C06B1831C10F9C100505F68 /* PopTo.storyboard in Resources */,
				3C06B13D1C10A2EE00505F68 /* Main.storyboard in Resources */,
				3C06B1811C10F97C00505F68 /* Pop.storyboard in Resources */,
				3C06B1791C10C49100505F68 /* DestinationIsNav.storyboard in Resources */,
				3C06B17A1C10C49100505F68 /* DestinationIsTab.storyboard in Resources */,
			);
			runOnlyForDeploymentPostprocessing = 0;
		};
		3C06B14F1C10B3DE00505F68 /* Resources */ = {
			isa = PBXResourcesBuildPhase;
			buildActionMask = 2147483647;
			files = (
			);
			runOnlyForDeploymentPostprocessing = 0;
		};
		3C4C32921C0D573800FF039E /* Resources */ = {
			isa = PBXResourcesBuildPhase;
			buildActionMask = 2147483647;
			files = (
			);
			runOnlyForDeploymentPostprocessing = 0;
		};
		3C4C329B1C0D573800FF039E /* Resources */ = {
			isa = PBXResourcesBuildPhase;
			buildActionMask = 2147483647;
			files = (
			);
			runOnlyForDeploymentPostprocessing = 0;
		};
/* End PBXResourcesBuildPhase section */

/* Begin PBXSourcesBuildPhase section */
		3C06B0FF1C1082AF00505F68 /* Sources */ = {
			isa = PBXSourcesBuildPhase;
			buildActionMask = 2147483647;
			files = (
				3C06B1871C10FBE900505F68 /* SegueingInfo.swift in Sources */,
			);
			runOnlyForDeploymentPostprocessing = 0;
		};
		3C06B1091C1082AF00505F68 /* Sources */ = {
			isa = PBXSourcesBuildPhase;
			buildActionMask = 2147483647;
			files = (
			);
			runOnlyForDeploymentPostprocessing = 0;
		};
		3C06B1311C10A2EE00505F68 /* Sources */ = {
			isa = PBXSourcesBuildPhase;
			buildActionMask = 2147483647;
			files = (
				3C06B16C1C10BAA100505F68 /* PassBaseViewController.swift in Sources */,
				3C06B13A1C10A2EE00505F68 /* StaticCallViewController.swift in Sources */,
				3C06B1481C10A8B200505F68 /* DestinationViewController.swift in Sources */,
				3C06B17C1C10C97E00505F68 /* FirstNavContainedViewController.swift in Sources */,
				3C06B1681C10B9A800505F68 /* InstanceCallViewController.swift in Sources */,
				3C06B16A1C10BA2400505F68 /* InheritedFromSegueingInfoViewController.swift in Sources */,
				3C06B17E1C10D2DD00505F68 /* SecondNavContainedViewController.swift in Sources */,
				3C06B1381C10A2EE00505F68 /* AppDelegate.swift in Sources */,
			);
			runOnlyForDeploymentPostprocessing = 0;
		};
		3C06B14D1C10B3DE00505F68 /* Sources */ = {
			isa = PBXSourcesBuildPhase;
			buildActionMask = 2147483647;
			files = (
				3C06B15E1C10B55500505F68 /* Utility.swift in Sources */,
				3C06B15C1C10B40A00505F68 /* SegueingInfoiOSUITests.swift in Sources */,
			);
			runOnlyForDeploymentPostprocessing = 0;
		};
		3C4C328F1C0D573800FF039E /* Sources */ = {
			isa = PBXSourcesBuildPhase;
			buildActionMask = 2147483647;
			files = (
				3C06B14C1C10ADBA00505F68 /* UINavigationController+SegueingInfo.swift in Sources */,
				3C4C32AC1C0D57B800FF039E /* SegueingInfo.swift in Sources */,
			);
			runOnlyForDeploymentPostprocessing = 0;
		};
		3C4C32991C0D573800FF039E /* Sources */ = {
			isa = PBXSourcesBuildPhase;
			buildActionMask = 2147483647;
			files = (
				3C4C32A31C0D573800FF039E /* SegueingInfoTests.swift in Sources */,
			);
			runOnlyForDeploymentPostprocessing = 0;
		};
/* End PBXSourcesBuildPhase section */

/* Begin PBXTargetDependency section */
		3C06B1101C1082AF00505F68 /* PBXTargetDependency */ = {
			isa = PBXTargetDependency;
			target = 3C06B1031C1082AF00505F68 /* SegueingInfoOSX */;
			targetProxy = 3C06B10F1C1082AF00505F68 /* PBXContainerItemProxy */;
		};
		3C06B1571C10B3DE00505F68 /* PBXTargetDependency */ = {
			isa = PBXTargetDependency;
			target = 3C06B1341C10A2EE00505F68 /* SegueingInfoiOSExamples */;
			targetProxy = 3C06B1561C10B3DE00505F68 /* PBXContainerItemProxy */;
		};
		3C06B1621C10B89700505F68 /* PBXTargetDependency */ = {
			isa = PBXTargetDependency;
			target = 3C4C32931C0D573800FF039E /* SegueingInfoiOS */;
			targetProxy = 3C06B1611C10B89700505F68 /* PBXContainerItemProxy */;
		};
		3C4C32A01C0D573800FF039E /* PBXTargetDependency */ = {
			isa = PBXTargetDependency;
			target = 3C4C32931C0D573800FF039E /* SegueingInfoiOS */;
			targetProxy = 3C4C329F1C0D573800FF039E /* PBXContainerItemProxy */;
		};
/* End PBXTargetDependency section */

/* Begin PBXVariantGroup section */
		3C06B13B1C10A2EE00505F68 /* Main.storyboard */ = {
			isa = PBXVariantGroup;
			children = (
				3C06B13C1C10A2EE00505F68 /* Base */,
			);
			name = Main.storyboard;
			sourceTree = "<group>";
		};
		3C06B1401C10A2EE00505F68 /* LaunchScreen.storyboard */ = {
			isa = PBXVariantGroup;
			children = (
				3C06B1411C10A2EE00505F68 /* Base */,
			);
			name = LaunchScreen.storyboard;
			sourceTree = "<group>";
		};
		3C06B16D1C10BEEA00505F68 /* StaticCall.storyboard */ = {
			isa = PBXVariantGroup;
			children = (
				3C06B16E1C10BEEA00505F68 /* Base */,
			);
			name = StaticCall.storyboard;
			sourceTree = "<group>";
		};
		3C06B1721C10C32600505F68 /* InheritedFromSegueingInfo.storyboard */ = {
			isa = PBXVariantGroup;
			children = (
				3C06B1731C10C32600505F68 /* Base */,
			);
			name = InheritedFromSegueingInfo.storyboard;
			sourceTree = "<group>";
		};
		3C06B1751C10C49100505F68 /* DestinationIsNav.storyboard */ = {
			isa = PBXVariantGroup;
			children = (
				3C06B1761C10C49100505F68 /* Base */,
			);
			name = DestinationIsNav.storyboard;
			sourceTree = "<group>";
		};
		3C06B1771C10C49100505F68 /* DestinationIsTab.storyboard */ = {
			isa = PBXVariantGroup;
			children = (
				3C06B1781C10C49100505F68 /* Base */,
			);
			name = DestinationIsTab.storyboard;
			sourceTree = "<group>";
		};
		3C06B17F1C10F97C00505F68 /* Pop.storyboard */ = {
			isa = PBXVariantGroup;
			children = (
				3C06B1801C10F97C00505F68 /* Base */,
			);
			name = Pop.storyboard;
			sourceTree = "<group>";
		};
		3C06B1841C10F9D100505F68 /* PopToRoot.storyboard */ = {
			isa = PBXVariantGroup;
			children = (
				3C06B1851C10F9D100505F68 /* Base */,
			);
			name = PopToRoot.storyboard;
			sourceTree = "<group>";
		};
/* End PBXVariantGroup section */

/* Begin XCBuildConfiguration section */
		3C06B1161C1082AF00505F68 /* Debug */ = {
			isa = XCBuildConfiguration;
			buildSettings = {
				CLANG_ENABLE_MODULES = YES;
				CODE_SIGN_IDENTITY = "";
				COMBINE_HIDPI_IMAGES = YES;
				CURRENT_PROJECT_VERSION = 1;
				DEBUG_INFORMATION_FORMAT = dwarf;
				DEFINES_MODULE = YES;
				DYLIB_COMPATIBILITY_VERSION = 1;
				DYLIB_CURRENT_VERSION = 1;
				DYLIB_INSTALL_NAME_BASE = "@rpath";
				FRAMEWORK_VERSION = A;
				GCC_NO_COMMON_BLOCKS = YES;
				INFOPLIST_FILE = Sources/Info.plist;
				INSTALL_PATH = "$(LOCAL_LIBRARY_DIR)/Frameworks";
				LD_RUNPATH_SEARCH_PATHS = "$(inherited) @executable_path/../Frameworks @loader_path/Frameworks";
				MACOSX_DEPLOYMENT_TARGET = 10.11;
				PRODUCT_BUNDLE_IDENTIFIER = cc.adorkable.SegueingInfo;
				PRODUCT_NAME = SegueingInfo;
				SDKROOT = macosx;
				SKIP_INSTALL = YES;
				SWIFT_OPTIMIZATION_LEVEL = "-Onone";
				VERSIONING_SYSTEM = "apple-generic";
				VERSION_INFO_PREFIX = "";
			};
			name = Debug;
		};
		3C06B1171C1082AF00505F68 /* Release */ = {
			isa = XCBuildConfiguration;
			buildSettings = {
				CLANG_ENABLE_MODULES = YES;
				CODE_SIGN_IDENTITY = "";
				COMBINE_HIDPI_IMAGES = YES;
				COPY_PHASE_STRIP = NO;
				CURRENT_PROJECT_VERSION = 1;
				DEBUG_INFORMATION_FORMAT = "dwarf-with-dsym";
				DEFINES_MODULE = YES;
				DYLIB_COMPATIBILITY_VERSION = 1;
				DYLIB_CURRENT_VERSION = 1;
				DYLIB_INSTALL_NAME_BASE = "@rpath";
				FRAMEWORK_VERSION = A;
				GCC_NO_COMMON_BLOCKS = YES;
				INFOPLIST_FILE = Sources/Info.plist;
				INSTALL_PATH = "$(LOCAL_LIBRARY_DIR)/Frameworks";
				LD_RUNPATH_SEARCH_PATHS = "$(inherited) @executable_path/../Frameworks @loader_path/Frameworks";
				MACOSX_DEPLOYMENT_TARGET = 10.11;
				PRODUCT_BUNDLE_IDENTIFIER = cc.adorkable.SegueingInfo;
				PRODUCT_NAME = SegueingInfo;
				SDKROOT = macosx;
				SKIP_INSTALL = YES;
				VERSIONING_SYSTEM = "apple-generic";
				VERSION_INFO_PREFIX = "";
			};
			name = Release;
		};
		3C06B1191C1082AF00505F68 /* Debug */ = {
			isa = XCBuildConfiguration;
			buildSettings = {
				CLANG_ENABLE_MODULES = YES;
				CODE_SIGN_IDENTITY = "-";
				COMBINE_HIDPI_IMAGES = YES;
				DEBUG_INFORMATION_FORMAT = dwarf;
				GCC_NO_COMMON_BLOCKS = YES;
				INFOPLIST_FILE = Tests/Info.plist;
				LD_RUNPATH_SEARCH_PATHS = "$(inherited) @executable_path/../Frameworks @loader_path/../Frameworks";
				MACOSX_DEPLOYMENT_TARGET = 10.11;
				PRODUCT_BUNDLE_IDENTIFIER = cc.adorkable.segueinginfo.SegueingInfoOSXTests;
				PRODUCT_NAME = "$(TARGET_NAME)";
				SDKROOT = macosx;
				SWIFT_OPTIMIZATION_LEVEL = "-Onone";
			};
			name = Debug;
		};
		3C06B11A1C1082AF00505F68 /* Release */ = {
			isa = XCBuildConfiguration;
			buildSettings = {
				CLANG_ENABLE_MODULES = YES;
				CODE_SIGN_IDENTITY = "-";
				COMBINE_HIDPI_IMAGES = YES;
				COPY_PHASE_STRIP = NO;
				DEBUG_INFORMATION_FORMAT = "dwarf-with-dsym";
				GCC_NO_COMMON_BLOCKS = YES;
				INFOPLIST_FILE = Tests/Info.plist;
				LD_RUNPATH_SEARCH_PATHS = "$(inherited) @executable_path/../Frameworks @loader_path/../Frameworks";
				MACOSX_DEPLOYMENT_TARGET = 10.11;
				PRODUCT_BUNDLE_IDENTIFIER = cc.adorkable.segueinginfo.SegueingInfoOSXTests;
				PRODUCT_NAME = "$(TARGET_NAME)";
				SDKROOT = macosx;
			};
			name = Release;
		};
		3C06B1451C10A2EE00505F68 /* Debug */ = {
			isa = XCBuildConfiguration;
			buildSettings = {
				ALWAYS_EMBED_SWIFT_STANDARD_LIBRARIES = YES;
				ASSETCATALOG_COMPILER_APPICON_NAME = AppIcon;
				CLANG_ENABLE_MODULES = YES;
				"CODE_SIGN_IDENTITY[sdk=iphoneos*]" = "iPhone Developer";
				DEBUG_INFORMATION_FORMAT = dwarf;
				GCC_NO_COMMON_BLOCKS = YES;
				INFOPLIST_FILE = Examples/Info.plist;
				IPHONEOS_DEPLOYMENT_TARGET = 9.1;
				LD_RUNPATH_SEARCH_PATHS = "$(inherited) @executable_path/Frameworks";
				PRODUCT_BUNDLE_IDENTIFIER = cc.adorkable.segueinginfo.SegueingInfoiOSExamples;
				PRODUCT_NAME = "$(TARGET_NAME)";
				SWIFT_OPTIMIZATION_LEVEL = "-Onone";
				SWIFT_VERSION = 3.0;
				TARGETED_DEVICE_FAMILY = "1,2";
			};
			name = Debug;
		};
		3C06B1461C10A2EE00505F68 /* Release */ = {
			isa = XCBuildConfiguration;
			buildSettings = {
				ALWAYS_EMBED_SWIFT_STANDARD_LIBRARIES = YES;
				ASSETCATALOG_COMPILER_APPICON_NAME = AppIcon;
				CLANG_ENABLE_MODULES = YES;
				"CODE_SIGN_IDENTITY[sdk=iphoneos*]" = "iPhone Developer";
				COPY_PHASE_STRIP = NO;
				DEBUG_INFORMATION_FORMAT = "dwarf-with-dsym";
				GCC_NO_COMMON_BLOCKS = YES;
				INFOPLIST_FILE = Examples/Info.plist;
				IPHONEOS_DEPLOYMENT_TARGET = 9.1;
				LD_RUNPATH_SEARCH_PATHS = "$(inherited) @executable_path/Frameworks";
				PRODUCT_BUNDLE_IDENTIFIER = cc.adorkable.segueinginfo.SegueingInfoiOSExamples;
				PRODUCT_NAME = "$(TARGET_NAME)";
				SWIFT_VERSION = 3.0;
				TARGETED_DEVICE_FAMILY = "1,2";
			};
			name = Release;
		};
		3C06B1591C10B3DE00505F68 /* Debug */ = {
			isa = XCBuildConfiguration;
			buildSettings = {
				CLANG_ENABLE_MODULES = YES;
				"CODE_SIGN_IDENTITY[sdk=iphoneos*]" = "iPhone Developer";
				DEBUG_INFORMATION_FORMAT = dwarf;
				GCC_NO_COMMON_BLOCKS = YES;
				INFOPLIST_FILE = Tests/Info.plist;
				IPHONEOS_DEPLOYMENT_TARGET = 9.1;
				LD_RUNPATH_SEARCH_PATHS = "$(inherited) @executable_path/Frameworks @loader_path/Frameworks";
				PRODUCT_BUNDLE_IDENTIFIER = cc.adorkable.segueinginfo.SegueingInfoiOSUITests;
				PRODUCT_NAME = "$(TARGET_NAME)";
				SWIFT_OPTIMIZATION_LEVEL = "-Onone";
				SWIFT_VERSION = 3.0;
				TEST_TARGET_NAME = SegueingInfoiOSExamples;
				USES_XCTRUNNER = YES;
			};
			name = Debug;
		};
		3C06B15A1C10B3DE00505F68 /* Release */ = {
			isa = XCBuildConfiguration;
			buildSettings = {
				CLANG_ENABLE_MODULES = YES;
				"CODE_SIGN_IDENTITY[sdk=iphoneos*]" = "iPhone Developer";
				COPY_PHASE_STRIP = NO;
				DEBUG_INFORMATION_FORMAT = "dwarf-with-dsym";
				GCC_NO_COMMON_BLOCKS = YES;
				INFOPLIST_FILE = Tests/Info.plist;
				IPHONEOS_DEPLOYMENT_TARGET = 9.1;
				LD_RUNPATH_SEARCH_PATHS = "$(inherited) @executable_path/Frameworks @loader_path/Frameworks";
				PRODUCT_BUNDLE_IDENTIFIER = cc.adorkable.segueinginfo.SegueingInfoiOSUITests;
				PRODUCT_NAME = "$(TARGET_NAME)";
				SWIFT_VERSION = 3.0;
				TEST_TARGET_NAME = SegueingInfoiOSExamples;
				USES_XCTRUNNER = YES;
			};
			name = Release;
		};
		3C4C32A61C0D573800FF039E /* Debug */ = {
			isa = XCBuildConfiguration;
			buildSettings = {
				CLANG_ENABLE_MODULES = YES;
				"CODE_SIGN_IDENTITY[sdk=iphoneos*]" = "";
				CURRENT_PROJECT_VERSION = 1;
				DEBUG_INFORMATION_FORMAT = dwarf;
				DEFINES_MODULE = YES;
				DYLIB_COMPATIBILITY_VERSION = 1;
				DYLIB_CURRENT_VERSION = 1;
				DYLIB_INSTALL_NAME_BASE = "@rpath";
				ENABLE_TESTABILITY = YES;
				GCC_NO_COMMON_BLOCKS = YES;
				INFOPLIST_FILE = Sources/Info.plist;
				INSTALL_PATH = "$(LOCAL_LIBRARY_DIR)/Frameworks";
				IPHONEOS_DEPLOYMENT_TARGET = 9.1;
				LD_RUNPATH_SEARCH_PATHS = "$(inherited) @executable_path/Frameworks @loader_path/Frameworks";
				PRODUCT_BUNDLE_IDENTIFIER = cc.adorkable.Segueinginfo;
				PRODUCT_NAME = SegueingInfo;
				SKIP_INSTALL = YES;
				SWIFT_OPTIMIZATION_LEVEL = "-Onone";
				SWIFT_VERSION = 3.0;
				TARGETED_DEVICE_FAMILY = "1,2";
				VERSIONING_SYSTEM = "apple-generic";
				VERSION_INFO_PREFIX = "";
			};
			name = Debug;
		};
		3C4C32A71C0D573800FF039E /* Release */ = {
			isa = XCBuildConfiguration;
			buildSettings = {
				CLANG_ENABLE_MODULES = YES;
				"CODE_SIGN_IDENTITY[sdk=iphoneos*]" = "";
				COPY_PHASE_STRIP = NO;
				CURRENT_PROJECT_VERSION = 1;
				DEBUG_INFORMATION_FORMAT = "dwarf-with-dsym";
				DEFINES_MODULE = YES;
				DYLIB_COMPATIBILITY_VERSION = 1;
				DYLIB_CURRENT_VERSION = 1;
				DYLIB_INSTALL_NAME_BASE = "@rpath";
				GCC_NO_COMMON_BLOCKS = YES;
				INFOPLIST_FILE = Sources/Info.plist;
				INSTALL_PATH = "$(LOCAL_LIBRARY_DIR)/Frameworks";
				IPHONEOS_DEPLOYMENT_TARGET = 9.1;
				LD_RUNPATH_SEARCH_PATHS = "$(inherited) @executable_path/Frameworks @loader_path/Frameworks";
				PRODUCT_BUNDLE_IDENTIFIER = cc.adorkable.Segueinginfo;
				PRODUCT_NAME = SegueingInfo;
				SKIP_INSTALL = YES;
				SWIFT_VERSION = 3.0;
				TARGETED_DEVICE_FAMILY = "1,2";
				VERSIONING_SYSTEM = "apple-generic";
				VERSION_INFO_PREFIX = "";
			};
			name = Release;
		};
		3C4C32A91C0D573800FF039E /* Debug */ = {
			isa = XCBuildConfiguration;
			buildSettings = {
				CLANG_ENABLE_MODULES = YES;
				"CODE_SIGN_IDENTITY[sdk=iphoneos*]" = "iPhone Developer";
				DEBUG_INFORMATION_FORMAT = dwarf;
				ENABLE_TESTABILITY = YES;
				GCC_NO_COMMON_BLOCKS = YES;
				INFOPLIST_FILE = Tests/Info.plist;
				IPHONEOS_DEPLOYMENT_TARGET = 9.1;
				LD_RUNPATH_SEARCH_PATHS = "$(inherited) @executable_path/Frameworks @loader_path/Frameworks";
				PRODUCT_BUNDLE_IDENTIFIER = cc.adorkable.segueingInfo.SegueingInfoiOSTests;
				PRODUCT_NAME = "$(TARGET_NAME)";
				SWIFT_OPTIMIZATION_LEVEL = "-Onone";
			};
			name = Debug;
		};
		3C4C32AA1C0D573800FF039E /* Release */ = {
			isa = XCBuildConfiguration;
			buildSettings = {
				CLANG_ENABLE_MODULES = YES;
				"CODE_SIGN_IDENTITY[sdk=iphoneos*]" = "iPhone Developer";
				COPY_PHASE_STRIP = NO;
				DEBUG_INFORMATION_FORMAT = "dwarf-with-dsym";
				GCC_NO_COMMON_BLOCKS = YES;
				INFOPLIST_FILE = Tests/Info.plist;
				IPHONEOS_DEPLOYMENT_TARGET = 9.1;
				LD_RUNPATH_SEARCH_PATHS = "$(inherited) @executable_path/Frameworks @loader_path/Frameworks";
				PRODUCT_BUNDLE_IDENTIFIER = cc.adorkable.segueingInfo.SegueingInfoiOSTests;
				PRODUCT_NAME = "$(TARGET_NAME)";
			};
			name = Release;
		};
		3C7A0C0519A14BE70001BE79 /* Debug */ = {
			isa = XCBuildConfiguration;
			buildSettings = {
				ALWAYS_SEARCH_USER_PATHS = NO;
				CLANG_CXX_LANGUAGE_STANDARD = "gnu++0x";
				CLANG_CXX_LIBRARY = "libc++";
				CLANG_ENABLE_OBJC_ARC = YES;
				CLANG_WARN_BOOL_CONVERSION = YES;
				CLANG_WARN_CONSTANT_CONVERSION = YES;
				CLANG_WARN_DIRECT_OBJC_ISA_USAGE = YES_ERROR;
				CLANG_WARN_EMPTY_BODY = YES;
				CLANG_WARN_ENUM_CONVERSION = YES;
				CLANG_WARN_INFINITE_RECURSION = YES;
				CLANG_WARN_INT_CONVERSION = YES;
				CLANG_WARN_OBJC_ROOT_CLASS = YES_ERROR;
				CLANG_WARN_SUSPICIOUS_MOVE = YES;
				CLANG_WARN_UNREACHABLE_CODE = YES;
				CLANG_WARN__DUPLICATE_METHOD_MATCH = YES;
				COPY_PHASE_STRIP = NO;
				ENABLE_STRICT_OBJC_MSGSEND = YES;
				ENABLE_TESTABILITY = YES;
				GCC_C_LANGUAGE_STANDARD = gnu99;
				GCC_DYNAMIC_NO_PIC = NO;
				GCC_NO_COMMON_BLOCKS = YES;
				GCC_OPTIMIZATION_LEVEL = 0;
				GCC_PREPROCESSOR_DEFINITIONS = (
					"DEBUG=1",
					"$(inherited)",
				);
				GCC_SYMBOLS_PRIVATE_EXTERN = NO;
				GCC_WARN_64_TO_32_BIT_CONVERSION = YES;
				GCC_WARN_ABOUT_RETURN_TYPE = YES_ERROR;
				GCC_WARN_UNDECLARED_SELECTOR = YES;
				GCC_WARN_UNINITIALIZED_AUTOS = YES_AGGRESSIVE;
				GCC_WARN_UNUSED_FUNCTION = YES;
				GCC_WARN_UNUSED_VARIABLE = YES;
				IPHONEOS_DEPLOYMENT_TARGET = 8.0;
				MACOSX_DEPLOYMENT_TARGET = 10.10;
				MTL_ENABLE_DEBUG_INFO = YES;
				ONLY_ACTIVE_ARCH = YES;
				SDKROOT = iphoneos;
			};
			name = Debug;
		};
		3C7A0C0619A14BE70001BE79 /* Release */ = {
			isa = XCBuildConfiguration;
			buildSettings = {
				ALWAYS_SEARCH_USER_PATHS = NO;
				CLANG_CXX_LANGUAGE_STANDARD = "gnu++0x";
				CLANG_CXX_LIBRARY = "libc++";
				CLANG_ENABLE_OBJC_ARC = YES;
				CLANG_WARN_BOOL_CONVERSION = YES;
				CLANG_WARN_CONSTANT_CONVERSION = YES;
				CLANG_WARN_DIRECT_OBJC_ISA_USAGE = YES_ERROR;
				CLANG_WARN_EMPTY_BODY = YES;
				CLANG_WARN_ENUM_CONVERSION = YES;
				CLANG_WARN_INFINITE_RECURSION = YES;
				CLANG_WARN_INT_CONVERSION = YES;
				CLANG_WARN_OBJC_ROOT_CLASS = YES_ERROR;
				CLANG_WARN_SUSPICIOUS_MOVE = YES;
				CLANG_WARN_UNREACHABLE_CODE = YES;
				CLANG_WARN__DUPLICATE_METHOD_MATCH = YES;
				COPY_PHASE_STRIP = YES;
				ENABLE_NS_ASSERTIONS = NO;
				ENABLE_STRICT_OBJC_MSGSEND = YES;
				GCC_C_LANGUAGE_STANDARD = gnu99;
				GCC_NO_COMMON_BLOCKS = YES;
				GCC_WARN_64_TO_32_BIT_CONVERSION = YES;
				GCC_WARN_ABOUT_RETURN_TYPE = YES_ERROR;
				GCC_WARN_UNDECLARED_SELECTOR = YES;
				GCC_WARN_UNINITIALIZED_AUTOS = YES_AGGRESSIVE;
				GCC_WARN_UNUSED_FUNCTION = YES;
				GCC_WARN_UNUSED_VARIABLE = YES;
				IPHONEOS_DEPLOYMENT_TARGET = 8.0;
				MACOSX_DEPLOYMENT_TARGET = 10.10;
				MTL_ENABLE_DEBUG_INFO = NO;
				SDKROOT = iphoneos;
				SWIFT_OPTIMIZATION_LEVEL = "-Owholemodule";
				VALIDATE_PRODUCT = YES;
			};
			name = Release;
		};
/* End XCBuildConfiguration section */

/* Begin XCConfigurationList section */
		3C06B1151C1082AF00505F68 /* Build configuration list for PBXNativeTarget "SegueingInfoOSX" */ = {
			isa = XCConfigurationList;
			buildConfigurations = (
				3C06B1161C1082AF00505F68 /* Debug */,
				3C06B1171C1082AF00505F68 /* Release */,
			);
			defaultConfigurationIsVisible = 0;
			defaultConfigurationName = Release;
		};
		3C06B1181C1082AF00505F68 /* Build configuration list for PBXNativeTarget "SegueingInfoOSXTests" */ = {
			isa = XCConfigurationList;
			buildConfigurations = (
				3C06B1191C1082AF00505F68 /* Debug */,
				3C06B11A1C1082AF00505F68 /* Release */,
			);
			defaultConfigurationIsVisible = 0;
			defaultConfigurationName = Release;
		};
		3C06B1441C10A2EE00505F68 /* Build configuration list for PBXNativeTarget "SegueingInfoiOSExamples" */ = {
			isa = XCConfigurationList;
			buildConfigurations = (
				3C06B1451C10A2EE00505F68 /* Debug */,
				3C06B1461C10A2EE00505F68 /* Release */,
			);
			defaultConfigurationIsVisible = 0;
			defaultConfigurationName = Release;
		};
		3C06B1581C10B3DE00505F68 /* Build configuration list for PBXNativeTarget "SegueingInfoiOSUITests" */ = {
			isa = XCConfigurationList;
			buildConfigurations = (
				3C06B1591C10B3DE00505F68 /* Debug */,
				3C06B15A1C10B3DE00505F68 /* Release */,
			);
			defaultConfigurationIsVisible = 0;
			defaultConfigurationName = Release;
		};
		3C4C32A51C0D573800FF039E /* Build configuration list for PBXNativeTarget "SegueingInfoiOS" */ = {
			isa = XCConfigurationList;
			buildConfigurations = (
				3C4C32A61C0D573800FF039E /* Debug */,
				3C4C32A71C0D573800FF039E /* Release */,
			);
			defaultConfigurationIsVisible = 0;
			defaultConfigurationName = Release;
		};
		3C4C32A81C0D573800FF039E /* Build configuration list for PBXNativeTarget "SegueingInfoiOSTests" */ = {
			isa = XCConfigurationList;
			buildConfigurations = (
				3C4C32A91C0D573800FF039E /* Debug */,
				3C4C32AA1C0D573800FF039E /* Release */,
			);
			defaultConfigurationIsVisible = 0;
			defaultConfigurationName = Release;
		};
		3C7A0BF119A14BE70001BE79 /* Build configuration list for PBXProject "SegueingInfo" */ = {
			isa = XCConfigurationList;
			buildConfigurations = (
				3C7A0C0519A14BE70001BE79 /* Debug */,
				3C7A0C0619A14BE70001BE79 /* Release */,
			);
			defaultConfigurationIsVisible = 0;
			defaultConfigurationName = Release;
		};
/* End XCConfigurationList section */
	};
	rootObject = 3C7A0BEE19A14BE70001BE79 /* Project object */;
}
