// !$*UTF8*$!
{
	archiveVersion = 1;
	classes = {
	};
	objectVersion = 46;
	objects = {

/* Begin PBXBuildFile section */
		3C3CF8331AB38E2700EEE0D6 /* SegueingInfo.h in Headers */ = {isa = PBXBuildFile; fileRef = 3C7A0BF919A14BE70001BE79 /* SegueingInfo.h */; settings = {ATTRIBUTES = (Public, ); }; };
		3C3CF8341AB38E2700EEE0D6 /* SegueingInfo.m in Sources */ = {isa = PBXBuildFile; fileRef = 3C7A0BFB19A14BE70001BE79 /* SegueingInfo.m */; };
		3C46DF391AE0C50B00D3A789 /* SegueingInfoFrameworkiOS-Force-Umbrella.swift in Sources */ = {isa = PBXBuildFile; fileRef = 3C46DF381AE0C50B00D3A789 /* SegueingInfoFrameworkiOS-Force-Umbrella.swift */; };
		3C46DF3B1AE0C53600D3A789 /* SegueingInfoiOS.framework in CopyFiles */ = {isa = PBXBuildFile; fileRef = 3C3CF81A1AB38E0D00EEE0D6 /* SegueingInfoiOS.framework */; settings = {ATTRIBUTES = (CodeSignOnCopy, RemoveHeadersOnCopy, ); }; };
		3C46DF3C1AE0C60700D3A789 /* README.md in Resources */ = {isa = PBXBuildFile; fileRef = 3C7A0C3B19A163F50001BE79 /* README.md */; };
		3C46DF3D1AE0C60800D3A789 /* LICENSE.md in Resources */ = {isa = PBXBuildFile; fileRef = 3C7A0C3919A15C590001BE79 /* LICENSE.md */; };
		3C7A0BFA19A14BE70001BE79 /* SegueingInfo.h in CopyFiles */ = {isa = PBXBuildFile; fileRef = 3C7A0BF919A14BE70001BE79 /* SegueingInfo.h */; };
		3C7A0BFC19A14BE70001BE79 /* SegueingInfo.m in Sources */ = {isa = PBXBuildFile; fileRef = 3C7A0BFB19A14BE70001BE79 /* SegueingInfo.m */; };
		3C7A0C1619A14CAF0001BE79 /* main.m in Sources */ = {isa = PBXBuildFile; fileRef = 3C7A0C1519A14CAF0001BE79 /* main.m */; };
		3C7A0C1919A14CAF0001BE79 /* AppDelegate.m in Sources */ = {isa = PBXBuildFile; fileRef = 3C7A0C1819A14CAF0001BE79 /* AppDelegate.m */; };
		3C7A0C1C19A14CAF0001BE79 /* ViewController.m in Sources */ = {isa = PBXBuildFile; fileRef = 3C7A0C1B19A14CAF0001BE79 /* ViewController.m */; };
		3C7A0C1F19A14CAF0001BE79 /* Main.storyboard in Resources */ = {isa = PBXBuildFile; fileRef = 3C7A0C1D19A14CAF0001BE79 /* Main.storyboard */; };
		3C7A0C2119A14CAF0001BE79 /* Images.xcassets in Resources */ = {isa = PBXBuildFile; fileRef = 3C7A0C2019A14CAF0001BE79 /* Images.xcassets */; };
		3C7A0C3419A14CC20001BE79 /* libSegueingInfo.a in Frameworks */ = {isa = PBXBuildFile; fileRef = 3C7A0BF619A14BE70001BE79 /* libSegueingInfo.a */; };
		3C7A0C3719A14CE40001BE79 /* SecondViewController.m in Sources */ = {isa = PBXBuildFile; fileRef = 3C7A0C3619A14CE40001BE79 /* SecondViewController.m */; };
		3CC2AE5C1A85426000D8FB27 /* AppDelegate.m in Sources */ = {isa = PBXBuildFile; fileRef = 3C7A0C1819A14CAF0001BE79 /* AppDelegate.m */; };
		3CC2AE5D1A85440C00D8FB27 /* ViewController.m in Sources */ = {isa = PBXBuildFile; fileRef = 3C7A0C1B19A14CAF0001BE79 /* ViewController.m */; };
		3CC2AE5F1A85441700D8FB27 /* SecondViewController.m in Sources */ = {isa = PBXBuildFile; fileRef = 3C7A0C3619A14CE40001BE79 /* SecondViewController.m */; };
		3CC2AE601A8546B500D8FB27 /* SegueingInfo.m in Sources */ = {isa = PBXBuildFile; fileRef = 3C7A0BFB19A14BE70001BE79 /* SegueingInfo.m */; };
		3CC2AE611A8546FB00D8FB27 /* main.m in Sources */ = {isa = PBXBuildFile; fileRef = 3C7A0C1519A14CAF0001BE79 /* main.m */; };
		3CC2AE681A85481100D8FB27 /* MainOSX.storyboard in Resources */ = {isa = PBXBuildFile; fileRef = 3CC2AE661A85481100D8FB27 /* MainOSX.storyboard */; };
		3CE1612C1AB417BC009E57C1 /* SegueingInfoiOS.framework in Frameworks */ = {isa = PBXBuildFile; fileRef = 3C3CF81A1AB38E0D00EEE0D6 /* SegueingInfoiOS.framework */; };
		3CE1612D1AB417E0009E57C1 /* AppDelegate.m in Sources */ = {isa = PBXBuildFile; fileRef = 3C7A0C1819A14CAF0001BE79 /* AppDelegate.m */; };
		3CE1612E1AB417E0009E57C1 /* ViewController.m in Sources */ = {isa = PBXBuildFile; fileRef = 3C7A0C1B19A14CAF0001BE79 /* ViewController.m */; };
		3CE1612F1AB417E0009E57C1 /* SecondViewController.m in Sources */ = {isa = PBXBuildFile; fileRef = 3C7A0C3619A14CE40001BE79 /* SecondViewController.m */; };
		3CE161301AB417E0009E57C1 /* main.m in Sources */ = {isa = PBXBuildFile; fileRef = 3C7A0C1519A14CAF0001BE79 /* main.m */; };
		3CE161311AB417EE009E57C1 /* Main.storyboard in Resources */ = {isa = PBXBuildFile; fileRef = 3C7A0C1D19A14CAF0001BE79 /* Main.storyboard */; };
		3CE161321AB417F4009E57C1 /* Images.xcassets in Resources */ = {isa = PBXBuildFile; fileRef = 3C7A0C2019A14CAF0001BE79 /* Images.xcassets */; };
		3CE161371AB41B61009E57C1 /* LaunchScreen.xib in Resources */ = {isa = PBXBuildFile; fileRef = 3CE161351AB41B61009E57C1 /* LaunchScreen.xib */; };
		3CE161391AB41B61009E57C1 /* LaunchScreen.xib in Resources */ = {isa = PBXBuildFile; fileRef = 3CE161351AB41B61009E57C1 /* LaunchScreen.xib */; };
		3CE1613C1AB41BF0009E57C1 /* SegueingInfoFrameworkiOS.h in Headers */ = {isa = PBXBuildFile; fileRef = 3CE1613B1AB41BE9009E57C1 /* SegueingInfoFrameworkiOS.h */; };
/* End PBXBuildFile section */

/* Begin PBXCopyFilesBuildPhase section */
		3C46DF3A1AE0C52C00D3A789 /* CopyFiles */ = {
			isa = PBXCopyFilesBuildPhase;
			buildActionMask = 2147483647;
			dstPath = "";
			dstSubfolderSpec = 10;
			files = (
				3C46DF3B1AE0C53600D3A789 /* SegueingInfoiOS.framework in CopyFiles */,
			);
			runOnlyForDeploymentPostprocessing = 0;
		};
		3C7A0BF419A14BE70001BE79 /* CopyFiles */ = {
			isa = PBXCopyFilesBuildPhase;
			buildActionMask = 2147483647;
			dstPath = "include/$(PRODUCT_NAME)";
			dstSubfolderSpec = 16;
			files = (
				3C7A0BFA19A14BE70001BE79 /* SegueingInfo.h in CopyFiles */,
			);
			runOnlyForDeploymentPostprocessing = 0;
		};
/* End PBXCopyFilesBuildPhase section */

/* Begin PBXFileReference section */
		3C3CF81A1AB38E0D00EEE0D6 /* SegueingInfoiOS.framework */ = {isa = PBXFileReference; explicitFileType = wrapper.framework; includeInIndex = 0; path = SegueingInfoiOS.framework; sourceTree = BUILT_PRODUCTS_DIR; };
		3C46DF381AE0C50B00D3A789 /* SegueingInfoFrameworkiOS-Force-Umbrella.swift */ = {isa = PBXFileReference; fileEncoding = 4; lastKnownFileType = sourcecode.swift; path = "SegueingInfoFrameworkiOS-Force-Umbrella.swift"; sourceTree = "<group>"; };
		3C7A0BF619A14BE70001BE79 /* libSegueingInfo.a */ = {isa = PBXFileReference; explicitFileType = archive.ar; includeInIndex = 0; path = libSegueingInfo.a; sourceTree = BUILT_PRODUCTS_DIR; };
		3C7A0BF919A14BE70001BE79 /* SegueingInfo.h */ = {isa = PBXFileReference; lastKnownFileType = sourcecode.c.h; path = SegueingInfo.h; sourceTree = "<group>"; };
		3C7A0BFB19A14BE70001BE79 /* SegueingInfo.m */ = {isa = PBXFileReference; lastKnownFileType = sourcecode.c.objc; path = SegueingInfo.m; sourceTree = "<group>"; };
		3C7A0C1119A14CAF0001BE79 /* SegueingInfoExample.app */ = {isa = PBXFileReference; explicitFileType = wrapper.application; includeInIndex = 0; path = SegueingInfoExample.app; sourceTree = BUILT_PRODUCTS_DIR; };
		3C7A0C1419A14CAF0001BE79 /* Info.plist */ = {isa = PBXFileReference; lastKnownFileType = text.plist.xml; path = Info.plist; sourceTree = "<group>"; };
		3C7A0C1519A14CAF0001BE79 /* main.m */ = {isa = PBXFileReference; lastKnownFileType = sourcecode.c.objc; path = main.m; sourceTree = "<group>"; };
		3C7A0C1719A14CAF0001BE79 /* AppDelegate.h */ = {isa = PBXFileReference; lastKnownFileType = sourcecode.c.h; path = AppDelegate.h; sourceTree = "<group>"; };
		3C7A0C1819A14CAF0001BE79 /* AppDelegate.m */ = {isa = PBXFileReference; lastKnownFileType = sourcecode.c.objc; path = AppDelegate.m; sourceTree = "<group>"; };
		3C7A0C1A19A14CAF0001BE79 /* ViewController.h */ = {isa = PBXFileReference; lastKnownFileType = sourcecode.c.h; path = ViewController.h; sourceTree = "<group>"; };
		3C7A0C1B19A14CAF0001BE79 /* ViewController.m */ = {isa = PBXFileReference; lastKnownFileType = sourcecode.c.objc; path = ViewController.m; sourceTree = "<group>"; };
		3C7A0C1E19A14CAF0001BE79 /* Base */ = {isa = PBXFileReference; lastKnownFileType = file.storyboard; name = Base; path = Base.lproj/Main.storyboard; sourceTree = "<group>"; };
		3C7A0C2019A14CAF0001BE79 /* Images.xcassets */ = {isa = PBXFileReference; lastKnownFileType = folder.assetcatalog; path = Images.xcassets; sourceTree = "<group>"; };
		3C7A0C3519A14CE40001BE79 /* SecondViewController.h */ = {isa = PBXFileReference; fileEncoding = 4; lastKnownFileType = sourcecode.c.h; path = SecondViewController.h; sourceTree = "<group>"; };
		3C7A0C3619A14CE40001BE79 /* SecondViewController.m */ = {isa = PBXFileReference; fileEncoding = 4; lastKnownFileType = sourcecode.c.objc; path = SecondViewController.m; sourceTree = "<group>"; };
		3C7A0C3819A15C2C0001BE79 /* SegueingInfo.podspec */ = {isa = PBXFileReference; fileEncoding = 4; lastKnownFileType = text; path = SegueingInfo.podspec; sourceTree = "<group>"; };
		3C7A0C3919A15C590001BE79 /* LICENSE.md */ = {isa = PBXFileReference; fileEncoding = 4; lastKnownFileType = net.daringfireball.markdown; path = LICENSE.md; sourceTree = "<group>"; };
		3C7A0C3B19A163F50001BE79 /* README.md */ = {isa = PBXFileReference; fileEncoding = 4; lastKnownFileType = net.daringfireball.markdown; path = README.md; sourceTree = "<group>"; };
		3CC2AE391A853F1500D8FB27 /* SegueingInfoExampleOSX.app */ = {isa = PBXFileReference; explicitFileType = wrapper.application; includeInIndex = 0; path = SegueingInfoExampleOSX.app; sourceTree = BUILT_PRODUCTS_DIR; };
		3CC2AE621A8547AE00D8FB27 /* InfoOSX.plist */ = {isa = PBXFileReference; fileEncoding = 4; lastKnownFileType = text.plist.xml; path = InfoOSX.plist; sourceTree = "<group>"; };
		3CC2AE671A85481100D8FB27 /* Base */ = {isa = PBXFileReference; lastKnownFileType = file.storyboard; name = Base; path = Base.lproj/MainOSX.storyboard; sourceTree = "<group>"; };
		3CE161061AB41785009E57C1 /* SegueingInfoExampleFrameworkiOS.app */ = {isa = PBXFileReference; explicitFileType = wrapper.application; includeInIndex = 0; path = SegueingInfoExampleFrameworkiOS.app; sourceTree = BUILT_PRODUCTS_DIR; };
		3CE161331AB41B52009E57C1 /* InfoFrameworkiOS.plist */ = {isa = PBXFileReference; fileEncoding = 4; lastKnownFileType = text.plist.xml; path = InfoFrameworkiOS.plist; sourceTree = "<group>"; };
		3CE161361AB41B61009E57C1 /* Base */ = {isa = PBXFileReference; lastKnownFileType = file.xib; name = Base; path = Base.lproj/LaunchScreen.xib; sourceTree = "<group>"; };
		3CE1613A1AB41BE9009E57C1 /* InfoFrameworkiOS.plist */ = {isa = PBXFileReference; lastKnownFileType = text.plist.xml; path = InfoFrameworkiOS.plist; sourceTree = "<group>"; };
		3CE1613B1AB41BE9009E57C1 /* SegueingInfoFrameworkiOS.h */ = {isa = PBXFileReference; lastKnownFileType = sourcecode.c.h; path = SegueingInfoFrameworkiOS.h; sourceTree = "<group>"; };
/* End PBXFileReference section */

/* Begin PBXFrameworksBuildPhase section */
		3C3CF8161AB38E0D00EEE0D6 /* Frameworks */ = {
			isa = PBXFrameworksBuildPhase;
			buildActionMask = 2147483647;
			files = (
			);
			runOnlyForDeploymentPostprocessing = 0;
		};
		3C7A0BF319A14BE70001BE79 /* Frameworks */ = {
			isa = PBXFrameworksBuildPhase;
			buildActionMask = 2147483647;
			files = (
			);
			runOnlyForDeploymentPostprocessing = 0;
		};
		3C7A0C0E19A14CAF0001BE79 /* Frameworks */ = {
			isa = PBXFrameworksBuildPhase;
			buildActionMask = 2147483647;
			files = (
				3C7A0C3419A14CC20001BE79 /* libSegueingInfo.a in Frameworks */,
			);
			runOnlyForDeploymentPostprocessing = 0;
		};
		3CC2AE361A853F1500D8FB27 /* Frameworks */ = {
			isa = PBXFrameworksBuildPhase;
			buildActionMask = 2147483647;
			files = (
			);
			runOnlyForDeploymentPostprocessing = 0;
		};
		3CE161031AB41785009E57C1 /* Frameworks */ = {
			isa = PBXFrameworksBuildPhase;
			buildActionMask = 2147483647;
			files = (
				3CE1612C1AB417BC009E57C1 /* SegueingInfoiOS.framework in Frameworks */,
			);
			runOnlyForDeploymentPostprocessing = 0;
		};
/* End PBXFrameworksBuildPhase section */

/* Begin PBXGroup section */
		3C7A0BED19A14BE70001BE79 = {
			isa = PBXGroup;
			children = (
				3C7A0C3B19A163F50001BE79 /* README.md */,
				3C7A0C3919A15C590001BE79 /* LICENSE.md */,
				3C7A0C3819A15C2C0001BE79 /* SegueingInfo.podspec */,
				3C7A0BF819A14BE70001BE79 /* SegueingInfo */,
				3C7A0C1219A14CAF0001BE79 /* SegueingInfoExample */,
				3C7A0BF719A14BE70001BE79 /* Products */,
			);
			sourceTree = "<group>";
		};
		3C7A0BF719A14BE70001BE79 /* Products */ = {
			isa = PBXGroup;
			children = (
				3C7A0BF619A14BE70001BE79 /* libSegueingInfo.a */,
				3C7A0C1119A14CAF0001BE79 /* SegueingInfoExample.app */,
				3CC2AE391A853F1500D8FB27 /* SegueingInfoExampleOSX.app */,
				3C3CF81A1AB38E0D00EEE0D6 /* SegueingInfoiOS.framework */,
				3CE161061AB41785009E57C1 /* SegueingInfoExampleFrameworkiOS.app */,
			);
			name = Products;
			sourceTree = "<group>";
		};
		3C7A0BF819A14BE70001BE79 /* SegueingInfo */ = {
			isa = PBXGroup;
			children = (
				3CE1613A1AB41BE9009E57C1 /* InfoFrameworkiOS.plist */,
				3CE1613B1AB41BE9009E57C1 /* SegueingInfoFrameworkiOS.h */,
				3C7A0BF919A14BE70001BE79 /* SegueingInfo.h */,
				3C7A0BFB19A14BE70001BE79 /* SegueingInfo.m */,
				3C46DF381AE0C50B00D3A789 /* SegueingInfoFrameworkiOS-Force-Umbrella.swift */,
			);
			path = SegueingInfo;
			sourceTree = "<group>";
		};
		3C7A0C1219A14CAF0001BE79 /* SegueingInfoExample */ = {
			isa = PBXGroup;
			children = (
				3C7A0C1719A14CAF0001BE79 /* AppDelegate.h */,
				3C7A0C1819A14CAF0001BE79 /* AppDelegate.m */,
				3C7A0C1A19A14CAF0001BE79 /* ViewController.h */,
				3C7A0C1B19A14CAF0001BE79 /* ViewController.m */,
				3C7A0C3519A14CE40001BE79 /* SecondViewController.h */,
				3C7A0C3619A14CE40001BE79 /* SecondViewController.m */,
				3CE161351AB41B61009E57C1 /* LaunchScreen.xib */,
				3C7A0C1D19A14CAF0001BE79 /* Main.storyboard */,
				3CC2AE661A85481100D8FB27 /* MainOSX.storyboard */,
				3C7A0C2019A14CAF0001BE79 /* Images.xcassets */,
				3C7A0C1319A14CAF0001BE79 /* Supporting Files */,
			);
			path = SegueingInfoExample;
			sourceTree = "<group>";
		};
		3C7A0C1319A14CAF0001BE79 /* Supporting Files */ = {
			isa = PBXGroup;
			children = (
				3CE161331AB41B52009E57C1 /* InfoFrameworkiOS.plist */,
				3C7A0C1419A14CAF0001BE79 /* Info.plist */,
				3CC2AE621A8547AE00D8FB27 /* InfoOSX.plist */,
				3C7A0C1519A14CAF0001BE79 /* main.m */,
			);
			name = "Supporting Files";
			sourceTree = "<group>";
		};
/* End PBXGroup section */

/* Begin PBXHeadersBuildPhase section */
		3C3CF8171AB38E0D00EEE0D6 /* Headers */ = {
			isa = PBXHeadersBuildPhase;
			buildActionMask = 2147483647;
			files = (
				3CE1613C1AB41BF0009E57C1 /* SegueingInfoFrameworkiOS.h in Headers */,
				3C3CF8331AB38E2700EEE0D6 /* SegueingInfo.h in Headers */,
			);
			runOnlyForDeploymentPostprocessing = 0;
		};
/* End PBXHeadersBuildPhase section */

/* Begin PBXNativeTarget section */
		3C3CF8191AB38E0D00EEE0D6 /* SegueingInfoFrameworkiOS */ = {
			isa = PBXNativeTarget;
			buildConfigurationList = 3C3CF82D1AB38E0E00EEE0D6 /* Build configuration list for PBXNativeTarget "SegueingInfoFrameworkiOS" */;
			buildPhases = (
				3C3CF8151AB38E0D00EEE0D6 /* Sources */,
				3C3CF8161AB38E0D00EEE0D6 /* Frameworks */,
				3C3CF8171AB38E0D00EEE0D6 /* Headers */,
				3C3CF8181AB38E0D00EEE0D6 /* Resources */,
			);
			buildRules = (
			);
			dependencies = (
			);
			name = SegueingInfoFrameworkiOS;
			productName = SegueingInfoFrameworkiOS;
			productReference = 3C3CF81A1AB38E0D00EEE0D6 /* SegueingInfoiOS.framework */;
			productType = "com.apple.product-type.framework";
		};
		3C7A0BF519A14BE70001BE79 /* SegueingInfo */ = {
			isa = PBXNativeTarget;
			buildConfigurationList = 3C7A0C0719A14BE70001BE79 /* Build configuration list for PBXNativeTarget "SegueingInfo" */;
			buildPhases = (
				3C7A0BF219A14BE70001BE79 /* Sources */,
				3C7A0BF319A14BE70001BE79 /* Frameworks */,
				3C7A0BF419A14BE70001BE79 /* CopyFiles */,
			);
			buildRules = (
			);
			dependencies = (
			);
			name = SegueingInfo;
			productName = SegueingInfo;
			productReference = 3C7A0BF619A14BE70001BE79 /* libSegueingInfo.a */;
			productType = "com.apple.product-type.library.static";
		};
		3C7A0C1019A14CAF0001BE79 /* SegueingInfoExample */ = {
			isa = PBXNativeTarget;
			buildConfigurationList = 3C7A0C2E19A14CAF0001BE79 /* Build configuration list for PBXNativeTarget "SegueingInfoExample" */;
			buildPhases = (
				3C7A0C0D19A14CAF0001BE79 /* Sources */,
				3C7A0C0E19A14CAF0001BE79 /* Frameworks */,
				3C7A0C0F19A14CAF0001BE79 /* Resources */,
			);
			buildRules = (
			);
			dependencies = (
			);
			name = SegueingInfoExample;
			productName = SegueingInfoExample;
			productReference = 3C7A0C1119A14CAF0001BE79 /* SegueingInfoExample.app */;
			productType = "com.apple.product-type.application";
		};
		3CC2AE381A853F1500D8FB27 /* SegueingInfoExampleOSX */ = {
			isa = PBXNativeTarget;
			buildConfigurationList = 3CC2AE5A1A853F1600D8FB27 /* Build configuration list for PBXNativeTarget "SegueingInfoExampleOSX" */;
			buildPhases = (
				3CC2AE351A853F1500D8FB27 /* Sources */,
				3CC2AE361A853F1500D8FB27 /* Frameworks */,
				3CC2AE371A853F1500D8FB27 /* Resources */,
			);
			buildRules = (
			);
			dependencies = (
			);
			name = SegueingInfoExampleOSX;
			productName = SegueingInfoExampleOSX;
			productReference = 3CC2AE391A853F1500D8FB27 /* SegueingInfoExampleOSX.app */;
			productType = "com.apple.product-type.application";
		};
		3CE161051AB41785009E57C1 /* SegueingInfoExampleFrameworkiOS */ = {
			isa = PBXNativeTarget;
			buildConfigurationList = 3CE1612A1AB41786009E57C1 /* Build configuration list for PBXNativeTarget "SegueingInfoExampleFrameworkiOS" */;
			buildPhases = (
				3CE161021AB41785009E57C1 /* Sources */,
				3CE161031AB41785009E57C1 /* Frameworks */,
				3CE161041AB41785009E57C1 /* Resources */,
				3C46DF3A1AE0C52C00D3A789 /* CopyFiles */,
			);
			buildRules = (
			);
			dependencies = (
			);
			name = SegueingInfoExampleFrameworkiOS;
			productName = SegueingInfoExampleFrameworkiOS;
			productReference = 3CE161061AB41785009E57C1 /* SegueingInfoExampleFrameworkiOS.app */;
			productType = "com.apple.product-type.application";
		};
/* End PBXNativeTarget section */

/* Begin PBXProject section */
		3C7A0BEE19A14BE70001BE79 /* Project object */ = {
			isa = PBXProject;
			attributes = {
				LastUpgradeCheck = 0620;
				ORGANIZATIONNAME = Adorkable;
				TargetAttributes = {
					3C3CF8191AB38E0D00EEE0D6 = {
						CreatedOnToolsVersion = 6.2;
					};
					3C7A0BF519A14BE70001BE79 = {
						CreatedOnToolsVersion = 6.0;
					};
					3C7A0C1019A14CAF0001BE79 = {
						CreatedOnToolsVersion = 6.0;
					};
					3CC2AE381A853F1500D8FB27 = {
						CreatedOnToolsVersion = 6.1.1;
					};
					3CE161051AB41785009E57C1 = {
						CreatedOnToolsVersion = 6.2;
					};
				};
			};
			buildConfigurationList = 3C7A0BF119A14BE70001BE79 /* Build configuration list for PBXProject "SegueingInfo" */;
			compatibilityVersion = "Xcode 3.2";
			developmentRegion = English;
			hasScannedForEncodings = 0;
			knownRegions = (
				en,
				Base,
			);
			mainGroup = 3C7A0BED19A14BE70001BE79;
			productRefGroup = 3C7A0BF719A14BE70001BE79 /* Products */;
			projectDirPath = "";
			projectRoot = "";
			targets = (
				3C7A0BF519A14BE70001BE79 /* SegueingInfo */,
				3C7A0C1019A14CAF0001BE79 /* SegueingInfoExample */,
				3CC2AE381A853F1500D8FB27 /* SegueingInfoExampleOSX */,
				3C3CF8191AB38E0D00EEE0D6 /* SegueingInfoFrameworkiOS */,
				3CE161051AB41785009E57C1 /* SegueingInfoExampleFrameworkiOS */,
			);
		};
/* End PBXProject section */

/* Begin PBXResourcesBuildPhase section */
		3C3CF8181AB38E0D00EEE0D6 /* Resources */ = {
			isa = PBXResourcesBuildPhase;
			buildActionMask = 2147483647;
			files = (
				3C46DF3C1AE0C60700D3A789 /* README.md in Resources */,
				3C46DF3D1AE0C60800D3A789 /* LICENSE.md in Resources */,
			);
			runOnlyForDeploymentPostprocessing = 0;
		};
		3C7A0C0F19A14CAF0001BE79 /* Resources */ = {
			isa = PBXResourcesBuildPhase;
			buildActionMask = 2147483647;
			files = (
				3C7A0C1F19A14CAF0001BE79 /* Main.storyboard in Resources */,
				3CE161371AB41B61009E57C1 /* LaunchScreen.xib in Resources */,
				3C7A0C2119A14CAF0001BE79 /* Images.xcassets in Resources */,
			);
			runOnlyForDeploymentPostprocessing = 0;
		};
		3CC2AE371A853F1500D8FB27 /* Resources */ = {
			isa = PBXResourcesBuildPhase;
			buildActionMask = 2147483647;
			files = (
				3CC2AE681A85481100D8FB27 /* MainOSX.storyboard in Resources */,
			);
			runOnlyForDeploymentPostprocessing = 0;
		};
		3CE161041AB41785009E57C1 /* Resources */ = {
			isa = PBXResourcesBuildPhase;
			buildActionMask = 2147483647;
			files = (
				3CE161391AB41B61009E57C1 /* LaunchScreen.xib in Resources */,
				3CE161321AB417F4009E57C1 /* Images.xcassets in Resources */,
				3CE161311AB417EE009E57C1 /* Main.storyboard in Resources */,
			);
			runOnlyForDeploymentPostprocessing = 0;
		};
/* End PBXResourcesBuildPhase section */

/* Begin PBXSourcesBuildPhase section */
		3C3CF8151AB38E0D00EEE0D6 /* Sources */ = {
			isa = PBXSourcesBuildPhase;
			buildActionMask = 2147483647;
			files = (
				3C3CF8341AB38E2700EEE0D6 /* SegueingInfo.m in Sources */,
				3C46DF391AE0C50B00D3A789 /* SegueingInfoFrameworkiOS-Force-Umbrella.swift in Sources */,
			);
			runOnlyForDeploymentPostprocessing = 0;
		};
		3C7A0BF219A14BE70001BE79 /* Sources */ = {
			isa = PBXSourcesBuildPhase;
			buildActionMask = 2147483647;
			files = (
				3C7A0BFC19A14BE70001BE79 /* SegueingInfo.m in Sources */,
			);
			runOnlyForDeploymentPostprocessing = 0;
		};
		3C7A0C0D19A14CAF0001BE79 /* Sources */ = {
			isa = PBXSourcesBuildPhase;
			buildActionMask = 2147483647;
			files = (
				3C7A0C3719A14CE40001BE79 /* SecondViewController.m in Sources */,
				3C7A0C1C19A14CAF0001BE79 /* ViewController.m in Sources */,
				3C7A0C1919A14CAF0001BE79 /* AppDelegate.m in Sources */,
				3C7A0C1619A14CAF0001BE79 /* main.m in Sources */,
			);
			runOnlyForDeploymentPostprocessing = 0;
		};
		3CC2AE351A853F1500D8FB27 /* Sources */ = {
			isa = PBXSourcesBuildPhase;
			buildActionMask = 2147483647;
			files = (
				3CC2AE611A8546FB00D8FB27 /* main.m in Sources */,
				3CC2AE601A8546B500D8FB27 /* SegueingInfo.m in Sources */,
				3CC2AE5F1A85441700D8FB27 /* SecondViewController.m in Sources */,
				3CC2AE5D1A85440C00D8FB27 /* ViewController.m in Sources */,
				3CC2AE5C1A85426000D8FB27 /* AppDelegate.m in Sources */,
			);
			runOnlyForDeploymentPostprocessing = 0;
		};
		3CE161021AB41785009E57C1 /* Sources */ = {
			isa = PBXSourcesBuildPhase;
			buildActionMask = 2147483647;
			files = (
				3CE161301AB417E0009E57C1 /* main.m in Sources */,
				3CE1612F1AB417E0009E57C1 /* SecondViewController.m in Sources */,
				3CE1612E1AB417E0009E57C1 /* ViewController.m in Sources */,
				3CE1612D1AB417E0009E57C1 /* AppDelegate.m in Sources */,
			);
			runOnlyForDeploymentPostprocessing = 0;
		};
/* End PBXSourcesBuildPhase section */

/* Begin PBXVariantGroup section */
		3C7A0C1D19A14CAF0001BE79 /* Main.storyboard */ = {
			isa = PBXVariantGroup;
			children = (
				3C7A0C1E19A14CAF0001BE79 /* Base */,
			);
			name = Main.storyboard;
			sourceTree = "<group>";
		};
		3CC2AE661A85481100D8FB27 /* MainOSX.storyboard */ = {
			isa = PBXVariantGroup;
			children = (
				3CC2AE671A85481100D8FB27 /* Base */,
			);
			name = MainOSX.storyboard;
			sourceTree = "<group>";
		};
		3CE161351AB41B61009E57C1 /* LaunchScreen.xib */ = {
			isa = PBXVariantGroup;
			children = (
				3CE161361AB41B61009E57C1 /* Base */,
			);
			name = LaunchScreen.xib;
			sourceTree = "<group>";
		};
/* End PBXVariantGroup section */

/* Begin XCBuildConfiguration section */
		3C3CF82E1AB38E0E00EEE0D6 /* Debug */ = {
			isa = XCBuildConfiguration;
			buildSettings = {
				CLANG_ENABLE_MODULES = YES;
				"CODE_SIGN_IDENTITY[sdk=iphoneos*]" = "iPhone Developer";
				CURRENT_PROJECT_VERSION = 1;
				DEFINES_MODULE = YES;
				DYLIB_COMPATIBILITY_VERSION = 1;
				DYLIB_CURRENT_VERSION = 1;
				DYLIB_INSTALL_NAME_BASE = "@rpath";
				EMBEDDED_CONTENT_CONTAINS_SWIFT = YES;
				GCC_PREPROCESSOR_DEFINITIONS = (
					"DEBUG=1",
					"$(inherited)",
				);
				INFOPLIST_FILE = "$(SRCROOT)/SegueingInfo/InfoFrameworkiOS.plist";
				INSTALL_PATH = "$(LOCAL_LIBRARY_DIR)/Frameworks";
				IPHONEOS_DEPLOYMENT_TARGET = 8.2;
				LD_RUNPATH_SEARCH_PATHS = "$(inherited) @executable_path/Frameworks @loader_path/Frameworks";
				PRODUCT_NAME = SegueingInfoiOS;
				SKIP_INSTALL = YES;
				SWIFT_OPTIMIZATION_LEVEL = "-Onone";
				TARGETED_DEVICE_FAMILY = "1,2";
				VERSIONING_SYSTEM = "apple-generic";
				VERSION_INFO_PREFIX = "";
			};
			name = Debug;
		};
		3C3CF82F1AB38E0E00EEE0D6 /* Release */ = {
			isa = XCBuildConfiguration;
			buildSettings = {
				CLANG_ENABLE_MODULES = YES;
				"CODE_SIGN_IDENTITY[sdk=iphoneos*]" = "iPhone Developer";
				COPY_PHASE_STRIP = NO;
				CURRENT_PROJECT_VERSION = 1;
				DEFINES_MODULE = YES;
				DYLIB_COMPATIBILITY_VERSION = 1;
				DYLIB_CURRENT_VERSION = 1;
				DYLIB_INSTALL_NAME_BASE = "@rpath";
				EMBEDDED_CONTENT_CONTAINS_SWIFT = YES;
				INFOPLIST_FILE = "$(SRCROOT)/SegueingInfo/InfoFrameworkiOS.plist";
				INSTALL_PATH = "$(LOCAL_LIBRARY_DIR)/Frameworks";
				IPHONEOS_DEPLOYMENT_TARGET = 8.2;
				LD_RUNPATH_SEARCH_PATHS = "$(inherited) @executable_path/Frameworks @loader_path/Frameworks";
				PRODUCT_NAME = SegueingInfoiOS;
				SKIP_INSTALL = YES;
				TARGETED_DEVICE_FAMILY = "1,2";
				VERSIONING_SYSTEM = "apple-generic";
				VERSION_INFO_PREFIX = "";
			};
			name = Release;
		};
		3C7A0C0519A14BE70001BE79 /* Debug */ = {
			isa = XCBuildConfiguration;
			buildSettings = {
				ALWAYS_SEARCH_USER_PATHS = NO;
				CLANG_CXX_LANGUAGE_STANDARD = "gnu++0x";
				CLANG_CXX_LIBRARY = "libc++";
				CLANG_ENABLE_MODULES = YES;
				CLANG_ENABLE_OBJC_ARC = YES;
				CLANG_WARN_BOOL_CONVERSION = YES;
				CLANG_WARN_CONSTANT_CONVERSION = YES;
				CLANG_WARN_DIRECT_OBJC_ISA_USAGE = YES_ERROR;
				CLANG_WARN_EMPTY_BODY = YES;
				CLANG_WARN_ENUM_CONVERSION = YES;
				CLANG_WARN_INT_CONVERSION = YES;
				CLANG_WARN_OBJC_ROOT_CLASS = YES_ERROR;
				CLANG_WARN_UNREACHABLE_CODE = YES;
				CLANG_WARN__DUPLICATE_METHOD_MATCH = YES;
				COPY_PHASE_STRIP = NO;
				ENABLE_STRICT_OBJC_MSGSEND = YES;
				GCC_C_LANGUAGE_STANDARD = gnu99;
				GCC_DYNAMIC_NO_PIC = NO;
				GCC_OPTIMIZATION_LEVEL = 0;
				GCC_PREPROCESSOR_DEFINITIONS = (
					"DEBUG=1",
					"$(inherited)",
				);
				GCC_SYMBOLS_PRIVATE_EXTERN = NO;
				GCC_WARN_64_TO_32_BIT_CONVERSION = YES;
				GCC_WARN_ABOUT_RETURN_TYPE = YES_ERROR;
				GCC_WARN_UNDECLARED_SELECTOR = YES;
				GCC_WARN_UNINITIALIZED_AUTOS = YES_AGGRESSIVE;
				GCC_WARN_UNUSED_FUNCTION = YES;
				GCC_WARN_UNUSED_VARIABLE = YES;
				IPHONEOS_DEPLOYMENT_TARGET = 8.0;
				MTL_ENABLE_DEBUG_INFO = YES;
				ONLY_ACTIVE_ARCH = YES;
				SDKROOT = iphoneos;
			};
			name = Debug;
		};
		3C7A0C0619A14BE70001BE79 /* Release */ = {
			isa = XCBuildConfiguration;
			buildSettings = {
				ALWAYS_SEARCH_USER_PATHS = NO;
				CLANG_CXX_LANGUAGE_STANDARD = "gnu++0x";
				CLANG_CXX_LIBRARY = "libc++";
				CLANG_ENABLE_MODULES = YES;
				CLANG_ENABLE_OBJC_ARC = YES;
				CLANG_WARN_BOOL_CONVERSION = YES;
				CLANG_WARN_CONSTANT_CONVERSION = YES;
				CLANG_WARN_DIRECT_OBJC_ISA_USAGE = YES_ERROR;
				CLANG_WARN_EMPTY_BODY = YES;
				CLANG_WARN_ENUM_CONVERSION = YES;
				CLANG_WARN_INT_CONVERSION = YES;
				CLANG_WARN_OBJC_ROOT_CLASS = YES_ERROR;
				CLANG_WARN_UNREACHABLE_CODE = YES;
				CLANG_WARN__DUPLICATE_METHOD_MATCH = YES;
				COPY_PHASE_STRIP = YES;
				ENABLE_NS_ASSERTIONS = NO;
				ENABLE_STRICT_OBJC_MSGSEND = YES;
				GCC_C_LANGUAGE_STANDARD = gnu99;
				GCC_WARN_64_TO_32_BIT_CONVERSION = YES;
				GCC_WARN_ABOUT_RETURN_TYPE = YES_ERROR;
				GCC_WARN_UNDECLARED_SELECTOR = YES;
				GCC_WARN_UNINITIALIZED_AUTOS = YES_AGGRESSIVE;
				GCC_WARN_UNUSED_FUNCTION = YES;
				GCC_WARN_UNUSED_VARIABLE = YES;
				IPHONEOS_DEPLOYMENT_TARGET = 8.0;
				MTL_ENABLE_DEBUG_INFO = NO;
				SDKROOT = iphoneos;
				VALIDATE_PRODUCT = YES;
			};
			name = Release;
		};
		3C7A0C0819A14BE70001BE79 /* Debug */ = {
			isa = XCBuildConfiguration;
			buildSettings = {
				OTHER_LDFLAGS = "-ObjC";
				PRODUCT_NAME = "$(TARGET_NAME)";
				SKIP_INSTALL = YES;
			};
			name = Debug;
		};
		3C7A0C0919A14BE70001BE79 /* Release */ = {
			isa = XCBuildConfiguration;
			buildSettings = {
				OTHER_LDFLAGS = "-ObjC";
				PRODUCT_NAME = "$(TARGET_NAME)";
				SKIP_INSTALL = YES;
			};
			name = Release;
		};
		3C7A0C2F19A14CAF0001BE79 /* Debug */ = {
			isa = XCBuildConfiguration;
			buildSettings = {
				ASSETCATALOG_COMPILER_APPICON_NAME = AppIcon;
				ASSETCATALOG_COMPILER_LAUNCHIMAGE_NAME = LaunchImage;
				"CODE_SIGN_IDENTITY[sdk=iphoneos*]" = "iPhone Developer";
				GCC_PREPROCESSOR_DEFINITIONS = (
					"DEBUG=1",
					"$(inherited)",
				);
				INFOPLIST_FILE = SegueingInfoExample/Info.plist;
				LD_RUNPATH_SEARCH_PATHS = "$(inherited) @executable_path/Frameworks";
				PRODUCT_NAME = "$(TARGET_NAME)";
				TARGETED_DEVICE_FAMILY = "1,2";
			};
			name = Debug;
		};
		3C7A0C3019A14CAF0001BE79 /* Release */ = {
			isa = XCBuildConfiguration;
			buildSettings = {
				ASSETCATALOG_COMPILER_APPICON_NAME = AppIcon;
				ASSETCATALOG_COMPILER_LAUNCHIMAGE_NAME = LaunchImage;
				"CODE_SIGN_IDENTITY[sdk=iphoneos*]" = "iPhone Developer";
				INFOPLIST_FILE = SegueingInfoExample/Info.plist;
				LD_RUNPATH_SEARCH_PATHS = "$(inherited) @executable_path/Frameworks";
				PRODUCT_NAME = "$(TARGET_NAME)";
				TARGETED_DEVICE_FAMILY = "1,2";
			};
			name = Release;
		};
		3CC2AE561A853F1600D8FB27 /* Debug */ = {
			isa = XCBuildConfiguration;
			buildSettings = {
				ASSETCATALOG_COMPILER_APPICON_NAME = AppIcon;
				CODE_SIGN_IDENTITY = "-";
				COMBINE_HIDPI_IMAGES = YES;
				GCC_PREPROCESSOR_DEFINITIONS = (
					"DEBUG=1",
					"$(inherited)",
				);
				INFOPLIST_FILE = SegueingInfoExample/InfoOSX.plist;
				LD_RUNPATH_SEARCH_PATHS = "$(inherited) @executable_path/../Frameworks";
				MACOSX_DEPLOYMENT_TARGET = 10.10;
				PRODUCT_NAME = "$(TARGET_NAME)";
				SDKROOT = macosx;
			};
			name = Debug;
		};
		3CC2AE571A853F1600D8FB27 /* Release */ = {
			isa = XCBuildConfiguration;
			buildSettings = {
				ASSETCATALOG_COMPILER_APPICON_NAME = AppIcon;
				CODE_SIGN_IDENTITY = "-";
				COMBINE_HIDPI_IMAGES = YES;
				DEBUG_INFORMATION_FORMAT = "dwarf-with-dsym";
				INFOPLIST_FILE = SegueingInfoExample/InfoOSX.plist;
				LD_RUNPATH_SEARCH_PATHS = "$(inherited) @executable_path/../Frameworks";
				MACOSX_DEPLOYMENT_TARGET = 10.10;
				PRODUCT_NAME = "$(TARGET_NAME)";
				SDKROOT = macosx;
			};
			name = Release;
		};
		3CE161261AB41786009E57C1 /* Debug */ = {
			isa = XCBuildConfiguration;
			buildSettings = {
				ASSETCATALOG_COMPILER_APPICON_NAME = AppIcon;
				"CODE_SIGN_IDENTITY[sdk=iphoneos*]" = "iPhone Developer";
				GCC_PREPROCESSOR_DEFINITIONS = (
					"DEBUG=1",
					"$(inherited)",
				);
				INFOPLIST_FILE = SegueingInfoExample/InfoFrameworkiOS.plist;
				IPHONEOS_DEPLOYMENT_TARGET = 8.2;
				LD_RUNPATH_SEARCH_PATHS = "$(inherited) @executable_path/Frameworks";
				PRODUCT_NAME = "$(TARGET_NAME)";
				TARGETED_DEVICE_FAMILY = "1,2";
			};
			name = Debug;
		};
		3CE161271AB41786009E57C1 /* Release */ = {
			isa = XCBuildConfiguration;
			buildSettings = {
				ASSETCATALOG_COMPILER_APPICON_NAME = AppIcon;
				"CODE_SIGN_IDENTITY[sdk=iphoneos*]" = "iPhone Developer";
				COPY_PHASE_STRIP = NO;
				INFOPLIST_FILE = SegueingInfoExample/InfoFrameworkiOS.plist;
				IPHONEOS_DEPLOYMENT_TARGET = 8.2;
				LD_RUNPATH_SEARCH_PATHS = "$(inherited) @executable_path/Frameworks";
				PRODUCT_NAME = "$(TARGET_NAME)";
				TARGETED_DEVICE_FAMILY = "1,2";
			};
			name = Release;
		};
/* End XCBuildConfiguration section */

/* Begin XCConfigurationList section */
		3C3CF82D1AB38E0E00EEE0D6 /* Build configuration list for PBXNativeTarget "SegueingInfoFrameworkiOS" */ = {
			isa = XCConfigurationList;
			buildConfigurations = (
				3C3CF82E1AB38E0E00EEE0D6 /* Debug */,
				3C3CF82F1AB38E0E00EEE0D6 /* Release */,
			);
			defaultConfigurationIsVisible = 0;
			defaultConfigurationName = Release;
		};
		3C7A0BF119A14BE70001BE79 /* Build configuration list for PBXProject "SegueingInfo" */ = {
			isa = XCConfigurationList;
			buildConfigurations = (
				3C7A0C0519A14BE70001BE79 /* Debug */,
				3C7A0C0619A14BE70001BE79 /* Release */,
			);
			defaultConfigurationIsVisible = 0;
			defaultConfigurationName = Release;
		};
		3C7A0C0719A14BE70001BE79 /* Build configuration list for PBXNativeTarget "SegueingInfo" */ = {
			isa = XCConfigurationList;
			buildConfigurations = (
				3C7A0C0819A14BE70001BE79 /* Debug */,
				3C7A0C0919A14BE70001BE79 /* Release */,
			);
			defaultConfigurationIsVisible = 0;
			defaultConfigurationName = Release;
		};
		3C7A0C2E19A14CAF0001BE79 /* Build configuration list for PBXNativeTarget "SegueingInfoExample" */ = {
			isa = XCConfigurationList;
			buildConfigurations = (
				3C7A0C2F19A14CAF0001BE79 /* Debug */,
				3C7A0C3019A14CAF0001BE79 /* Release */,
			);
			defaultConfigurationIsVisible = 0;
			defaultConfigurationName = Release;
		};
		3CC2AE5A1A853F1600D8FB27 /* Build configuration list for PBXNativeTarget "SegueingInfoExampleOSX" */ = {
			isa = XCConfigurationList;
			buildConfigurations = (
				3CC2AE561A853F1600D8FB27 /* Debug */,
				3CC2AE571A853F1600D8FB27 /* Release */,
			);
			defaultConfigurationIsVisible = 0;
			defaultConfigurationName = Release;
		};
		3CE1612A1AB41786009E57C1 /* Build configuration list for PBXNativeTarget "SegueingInfoExampleFrameworkiOS" */ = {
			isa = XCConfigurationList;
			buildConfigurations = (
				3CE161261AB41786009E57C1 /* Debug */,
				3CE161271AB41786009E57C1 /* Release */,
			);
			defaultConfigurationIsVisible = 0;
			defaultConfigurationName = Release;
		};
/* End XCConfigurationList section */
	};
	rootObject = 3C7A0BEE19A14BE70001BE79 /* Project object */;
}
